{
  "name": "@hashicorp/react-accordion",
  "version": "0.3.0",
  "lockfileVersion": 1,
  "requires": true,
  "dependencies": {
    "@hashicorp/react-global-styles": {
      "version": "4.4.2",
      "resolved": "https://registry.npmjs.org/@hashicorp/react-global-styles/-/react-global-styles-4.4.2.tgz",
      "integrity": "sha512-EprEFwymJJbrbIQmzMCODM6eYwew2OsgVa9EtWNE984/KFk71QWvbjKVjebqNB0vWdpwSt6+127kfOQsx8JolA=="
    },
    "@hashicorp/react-inline-svg": {
      "version": "1.0.2",
      "resolved": "https://registry.npmjs.org/@hashicorp/react-inline-svg/-/react-inline-svg-1.0.2.tgz",
      "integrity": "sha512-AAFnBslSTgnEr++dTbMn3sybAqvn7myIj88ijGigF6u11eSRiV64zqEcyYLQKWTV6dF4AvYoxiYC6GSOgiM0Yw=="
    }
  }
}
