{
  "name": "@hashicorp/react-accordion",
  "version": "0.3.0",
  "lockfileVersion": 1,
  "requires": true,
  "dependencies": {
    "@hashicorp/react-global-styles": {
      "version": "4.0.5",
      "resolved": "https://registry.npmjs.org/@hashicorp/react-global-styles/-/react-global-styles-4.0.5.tgz",
      "integrity": "sha512-bek8cMQCS46J8dLcIwzTJtqX99Qs19q0myAXxOZhkKVh4+gYvWqtTd7L0AGX2jPEcKd4nG01Mw7DFCHV9Nsx6g=="
    },
    "@hashicorp/react-inline-svg": {
      "version": "1.0.0",
      "resolved": "https://registry.npmjs.org/@hashicorp/react-inline-svg/-/react-inline-svg-1.0.0.tgz",
      "integrity": "sha512-xzo9ubozATeW+irl93rkmtQulNNctgYzxUXxFn1Lcy9Y8L7bkLz7CROotv7TiUohkTCHPMzP4aBC8JPfTS1crw=="
    }
  }
}
