{
	"name": "@hashicorp/react-code-block",
	"version": "2.0.4",
	"lockfileVersion": 1,
	"requires": true,
	"dependencies": {
		"shellwords": {
			"version": "0.1.1",
			"resolved": "https://registry.npmjs.org/shellwords/-/shellwords-0.1.1.tgz",
			"integrity": "sha512-vFwSUfQvqybiICwZY5+DAWIPLKsWO31Q91JSKl3UYv+K5c2QRPzn0qzec6QPu1Qc9eHYItiP3NdJqNVqetYAww=="
		}
	}
}
