{
	"name": "@hashicorp/react-code-block",
	"version": "2.0.4",
	"lockfileVersion": 1,
	"requires": true,
	"dependencies": {
		"@hashicorp/react-inline-svg": {
			"version": "4.0.6",
			"resolved": "https://registry.npmjs.org/@hashicorp/react-inline-svg/-/react-inline-svg-4.0.6.tgz",
			"integrity": "sha512-rqQKGqA47jUi4t2AC2MZE8m16inbuyiMIYQScWv3knEgUQEPsYI7yPYJorhks1B07Y4p9gCBHVuRiRlRFPtDPQ=="
		},
		"shellwords": {
			"version": "0.1.1",
			"resolved": "https://registry.npmjs.org/shellwords/-/shellwords-0.1.1.tgz",
			"integrity": "sha512-vFwSUfQvqybiICwZY5+DAWIPLKsWO31Q91JSKl3UYv+K5c2QRPzn0qzec6QPu1Qc9eHYItiP3NdJqNVqetYAww=="
		}
	}
}
