{
  "name": "@hashicorp/react-button",
  "version": "4.0.1",
  "lockfileVersion": 1,
  "requires": true,
  "dependencies": {
    "@hashicorp/react-inline-svg": {
      "version": "1.0.0",
      "resolved": "https://registry.npmjs.org/@hashicorp/react-inline-svg/-/react-inline-svg-1.0.0.tgz",
      "integrity": "sha512-xzo9ubozATeW+irl93rkmtQulNNctgYzxUXxFn1Lcy9Y8L7bkLz7CROotv7TiUohkTCHPMzP4aBC8JPfTS1crw=="
    },
    "classnames": {
      "version": "2.2.6",
      "resolved": "https://registry.npmjs.org/classnames/-/classnames-2.2.6.tgz",
      "integrity": "sha512-JR/iSQOSt+LQIWwrwEzJ9uk0xfN3mTVYMwt1Ir5mUcSN6pU+V4zQFFaJsclJbPuAUQH+yfWef6tm7l1quW3C8Q=="
    },
    "slugify": {
      "version": "1.3.6",
      "resolved": "https://registry.npmjs.org/slugify/-/slugify-1.3.6.tgz",
      "integrity": "sha512-wA9XS475ZmGNlEnYYLPReSfuz/c3VQsEMoU43mi6OnKMCdbnFXd4/Yg7J0lBv8jkPolacMpOrWEaoYxuE1+hoQ=="
    }
  }
}
