{
  "version": "v1",
  "packages": {
    "swingset": {
      "signature": "41512158ed3d0ea882cacd365253b446",
      "file": true,
      "replaced": "^0.8.0"
    },
    "@hashicorp/platform-nextjs-plugin": {
      "signature": "c206ca5c96c1db571ca631c4038aef39",
      "file": true
    },
    "@hashicorp/platform-product-meta": {
      "signature": "174bb8743016d2f725ee5219eccdac2a",
      "file": true
    },
    "@hashicorp/platform-docs-mdx": {
      "signature": "6f5df44122f7d96aad93aa0b4673632a",
      "file": true
    },
    "@hashicorp/platform-markdown-utils": {
      "signature": "a9c3585d3839702cde8195886dbed4ae",
      "file": true
    },
    "@hashicorp/platform-util": {
      "signature": "6d06dc92fa241656be268ea417017c4a",
      "file": true
    },
    "@hashicorp/platform-code-highlighting": {
      "signature": "24d7c81790f5c5104814003a45260586",
      "file": true
    }
  }
}