{
  "name": "@hashicorp/react-section-header",
  "version": "5.0.1",
  "lockfileVersion": 1,
  "requires": true,
  "dependencies": {
    "@hashicorp/js-utils": {
      "version": "1.0.10",
      "resolved": "https://registry.npmjs.org/@hashicorp/js-utils/-/js-utils-1.0.10.tgz",
      "integrity": "sha512-59AS4kK3EURCTU9ibJmk8MVT8i3qc5tEHv985dxECZrWTL4+3kKr45u/13OPpcRlpUSIKeWEsN9FL1f5/ztHww=="
    }
  }
}
