{
  "name": "@hashicorp/react-consent-manager",
  "version": "5.3.0",
  "lockfileVersion": 1,
  "requires": true,
  "dependencies": {
    "@segment/in-eu": {
      "version": "0.2.1",
      "resolved": "https://registry.npmjs.org/@segment/in-eu/-/in-eu-0.2.1.tgz",
      "integrity": "sha512-7JKBw/l3S9J0ldo/n6XPfd3sT89f300KOCvmZsd8sryVZOWlE4L2LMKT538I34bjRdaOd1aJ52TsOAZUOLqxiQ==",
      "requires": {
        "jstz": "^2.0.0"
      }
    },
    "js-cookie": {
      "version": "2.2.1",
      "resolved": "https://registry.npmjs.org/js-cookie/-/js-cookie-2.2.1.tgz",
      "integrity": "sha512-HvdH2LzI/EAZcUwA8+0nKNtWHqS+ZmijLA30RwZA0bo7ToCckjK5MkGhjED9KoRcXO6BaGI3I9UIzSA1FKFPOQ=="
    },
    "jstz": {
      "version": "2.1.1",
      "resolved": "https://registry.npmjs.org/jstz/-/jstz-2.1.1.tgz",
      "integrity": "sha512-8hfl5RD6P7rEeIbzStBz3h4f+BQHfq/ABtoU6gXKQv5OcZhnmrIpG7e1pYaZ8hS9e0mp+bxUj08fnDUbKctYyA=="
    }
  }
}
