{
  "name": "@hashicorp/react-consent-manager",
  "version": "5.3.2",
  "lockfileVersion": 1,
  "requires": true,
  "dependencies": {
    "@hashicorp/platform-product-meta": {
      "version": "0.1.0",
      "resolved": "https://registry.npmjs.org/@hashicorp/platform-product-meta/-/platform-product-meta-0.1.0.tgz",
      "integrity": "sha512-UXAiYENDP8I0mD9+LNMyaCksUPthPRkxAIzg12SbERgx5kAjEaBCzYRHKXibL1dZpVQiRfs0i/0ieSw0mP2y+Q==",
      "requires": {
        "@hashicorp/platform-util": "^0.1.0"
      }
    },
    "@hashicorp/platform-util": {
      "version": "0.1.0",
      "resolved": "https://registry.npmjs.org/@hashicorp/platform-util/-/platform-util-0.1.0.tgz",
      "integrity": "sha512-XGWmQnMThygQKUsB5fPfhWT2KIbAq3Zax1K7TiEarX7IrngpEk7oTpVUR0uEraZgpfsaOfhHGSilvBRZjCZ+Ew==",
      "requires": {
        "nprogress": "0.2.0"
      }
    },
    "@hashicorp/react-button": {
      "version": "5.2.1",
      "resolved": "https://registry.npmjs.org/@hashicorp/react-button/-/react-button-5.2.1.tgz",
      "integrity": "sha512-X3v175qyCi1U7r6X6i283Bskqq90Zce0KxUeKGPh2jpt+ZmYJ2ftjknzpCv4/S2/bqmEs96+Qe2a8hH1JWhxcA==",
      "requires": {
        "@hashicorp/platform-product-meta": "^0.1.0",
        "@hashicorp/react-inline-svg": "^1.0.0",
        "classnames": "^2.2.6",
        "slugify": "1.3.6"
      }
    },
    "@hashicorp/react-inline-svg": {
      "version": "1.0.2",
      "resolved": "https://registry.npmjs.org/@hashicorp/react-inline-svg/-/react-inline-svg-1.0.2.tgz",
      "integrity": "sha512-AAFnBslSTgnEr++dTbMn3sybAqvn7myIj88ijGigF6u11eSRiV64zqEcyYLQKWTV6dF4AvYoxiYC6GSOgiM0Yw=="
    },
    "@hashicorp/react-toggle": {
      "version": "3.0.2",
      "resolved": "https://registry.npmjs.org/@hashicorp/react-toggle/-/react-toggle-3.0.2.tgz",
      "integrity": "sha512-AT6iP+YhaiLufwdqwZZOpwG3e3s7XGzxpehpIDckZP8xliQudbIpXKRX55Aatv7aCujvhBl/e+huM99Y/dMJoA=="
    },
    "classnames": {
      "version": "2.3.1",
      "resolved": "https://registry.npmjs.org/classnames/-/classnames-2.3.1.tgz",
      "integrity": "sha512-OlQdbZ7gLfGarSqxesMesDa5uz7KFbID8Kpq/SxIoNGDqY8lSYs0D+hhtBXhcdB3rcbXArFr7vlHheLk1voeNA=="
    },
    "js-cookie": {
      "version": "2.2.1",
      "resolved": "https://registry.npmjs.org/js-cookie/-/js-cookie-2.2.1.tgz",
      "integrity": "sha512-HvdH2LzI/EAZcUwA8+0nKNtWHqS+ZmijLA30RwZA0bo7ToCckjK5MkGhjED9KoRcXO6BaGI3I9UIzSA1FKFPOQ=="
    },
    "nprogress": {
      "version": "0.2.0",
      "resolved": "https://registry.npmjs.org/nprogress/-/nprogress-0.2.0.tgz",
      "integrity": "sha1-y480xTIT2JVyP8urkH6UIq28r7E="
    },
    "slugify": {
      "version": "1.3.6",
      "resolved": "https://registry.npmjs.org/slugify/-/slugify-1.3.6.tgz",
      "integrity": "sha512-wA9XS475ZmGNlEnYYLPReSfuz/c3VQsEMoU43mi6OnKMCdbnFXd4/Yg7J0lBv8jkPolacMpOrWEaoYxuE1+hoQ=="
    }
  }
}
