{
  "name": "@hashicorp/react-text-split-with-code",
  "version": "2.0.0",
  "lockfileVersion": 1,
  "requires": true,
  "dependencies": {
    "@hashicorp/react-code-block": {
      "version": "2.0.5-alpha.52",
      "resolved": "https://registry.npmjs.org/@hashicorp/react-code-block/-/react-code-block-2.0.5-alpha.52.tgz",
      "integrity": "sha512-Aj0+/Dm+XSd2QWQyUszYGa4hJYxf6fAbAs5xtBiykMTGYY9J9NR3MyRBlT3bUDD3tIbeYlw1uLU7noSFH5gitQ==",
      "requires": {
        "@hashicorp/react-inline-svg": "^4.0.6",
        "shellwords": "^0.1.1"
      }
    },
    "@hashicorp/react-global-styles": {
      "version": "4.5.0",
      "resolved": "https://registry.npmjs.org/@hashicorp/react-global-styles/-/react-global-styles-4.5.0.tgz",
      "integrity": "sha512-CBLEL2PnjMHaT2XT7rLs/QvkamcIKD3ckvUWcCf9mSiYHTuTNbb8gJpQvVSEenN+ISFxAt1FVRQ7aJnnBYjVWg=="
    },
    "@hashicorp/react-inline-svg": {
      "version": "4.0.6",
      "resolved": "https://registry.npmjs.org/@hashicorp/react-inline-svg/-/react-inline-svg-4.0.6.tgz",
      "integrity": "sha512-rqQKGqA47jUi4t2AC2MZE8m16inbuyiMIYQScWv3knEgUQEPsYI7yPYJorhks1B07Y4p9gCBHVuRiRlRFPtDPQ=="
    },
    "shellwords": {
      "version": "0.1.1",
      "resolved": "https://registry.npmjs.org/shellwords/-/shellwords-0.1.1.tgz",
      "integrity": "sha512-vFwSUfQvqybiICwZY5+DAWIPLKsWO31Q91JSKl3UYv+K5c2QRPzn0qzec6QPu1Qc9eHYItiP3NdJqNVqetYAww=="
    }
  }
}
