{
	"name": "@hashicorp/react-use-cases",
	"version": "3.0.0",
	"lockfileVersion": 1,
	"requires": true,
	"dependencies": {
		"@hashicorp/react-inline-svg": {
			"version": "5.0.0",
			"resolved": "https://registry.npmjs.org/@hashicorp/react-inline-svg/-/react-inline-svg-5.0.0.tgz",
			"integrity": "sha512-Nivb1ye+gquXeTaxhu5s0GBRGBoEptqJVaYC8F+77firw+e6D6VlOKSn6VLqTU9hVkEKFhOJUA+gUNAXGEcfXg=="
		},
		"marked": {
			"version": "0.7.0",
			"resolved": "https://registry.npmjs.org/marked/-/marked-0.7.0.tgz",
			"integrity": "sha512-c+yYdCZJQrsRjTPhUx7VKkApw9bwDkNbHUKo1ovgcfDjb2kc8rLuRbIFyXL5WOEUwzSSKo3IXpph2K6DqB/KZg=="
		}
	}
}
