{
	"name": "@hashicorp/react-combobox",
	"version": "0.0.2",
	"lockfileVersion": 1,
	"requires": true,
	"dependencies": {
		"@reach/auto-id": {
			"version": "0.15.0",
			"resolved": "https://registry.npmjs.org/@reach/auto-id/-/auto-id-0.15.0.tgz",
			"integrity": "sha512-iACaCcZeqAhDf4OOwJpmHHS/LaRj9z3Ip8JmlhpCrFWV2YOIiiZk42amlBZX6CKH66Md+eriYZQk3TyAjk6Oxg==",
			"requires": {
				"@reach/utils": "0.15.0",
				"tslib": "^2.1.0"
			}
		},
		"@reach/combobox": {
			"version": "0.15.1",
			"resolved": "https://registry.npmjs.org/@reach/combobox/-/combobox-0.15.1.tgz",
			"integrity": "sha512-4WvxqHYEX2aW2FqNqwJtYYYaTOgyMaZ5OYVWP/iyTunrcbyHWZsoCt3CBR6/AfMsiJ7I7yCxX2tLShjFOGAA+A==",
			"requires": {
				"@reach/auto-id": "0.15.0",
				"@reach/descendants": "0.15.0",
				"@reach/popover": "0.15.0",
				"@reach/portal": "0.15.0",
				"@reach/utils": "0.15.0",
				"prop-types": "^15.7.2",
				"tslib": "^2.1.0"
			}
		},
		"@reach/descendants": {
			"version": "0.15.0",
			"resolved": "https://registry.npmjs.org/@reach/descendants/-/descendants-0.15.0.tgz",
			"integrity": "sha512-MGs+7sGjx07sm29Wc2d/Ya72qwatNVHofnYwwHMT6LImv99kE5TQMCgkMSDeRwqQxHURmcjb4I7Tab+ahvCGiw==",
			"requires": {
				"@reach/utils": "0.15.0",
				"tslib": "^2.1.0"
			}
		},
		"@reach/observe-rect": {
			"version": "1.2.0",
			"resolved": "https://registry.npmjs.org/@reach/observe-rect/-/observe-rect-1.2.0.tgz",
			"integrity": "sha512-Ba7HmkFgfQxZqqaeIWWkNK0rEhpxVQHIoVyW1YDSkGsGIXzcaW4deC8B0pZrNSSyLTdIk7y+5olKt5+g0GmFIQ=="
		},
		"@reach/popover": {
			"version": "0.15.0",
			"resolved": "https://registry.npmjs.org/@reach/popover/-/popover-0.15.0.tgz",
			"integrity": "sha512-nBR6ZlULF7ZZIqkN47QEWmdqUX2Zd6FSeYJku1il9OkiMnWzI3aTOyu1B+IJfYeIqg28D/aeF4ff0oVu1VUrqQ==",
			"requires": {
				"@reach/portal": "0.15.0",
				"@reach/rect": "0.15.0",
				"@reach/utils": "0.15.0",
				"tabbable": "^4.0.0",
				"tslib": "^2.1.0"
			}
		},
		"@reach/portal": {
			"version": "0.15.0",
			"resolved": "https://registry.npmjs.org/@reach/portal/-/portal-0.15.0.tgz",
			"integrity": "sha512-Aulqjk/PIRu+R7yhINYAAYfYh++ZdC30qwHDWDtGk2cmTEJT7m9AlvBX+W7T+Q3Ux6Wy5f37eV+TTGid1CcjFw==",
			"requires": {
				"@reach/utils": "0.15.0",
				"tslib": "^2.1.0"
			}
		},
		"@reach/rect": {
			"version": "0.15.0",
			"resolved": "https://registry.npmjs.org/@reach/rect/-/rect-0.15.0.tgz",
			"integrity": "sha512-Nu0zG4Xq8Z0C3Yr3wbjtj7fvII1q2KopHDStNtmL26oWPzlaZJ9A1K6rZSPIqxKkx1hvl6AUTeom7eHTIKhHjA==",
			"requires": {
				"@reach/observe-rect": "1.2.0",
				"@reach/utils": "0.15.0",
				"prop-types": "^15.7.2",
				"tiny-warning": "^1.0.3",
				"tslib": "^2.1.0"
			}
		},
		"@reach/utils": {
			"version": "0.15.0",
			"resolved": "https://registry.npmjs.org/@reach/utils/-/utils-0.15.0.tgz",
			"integrity": "sha512-JHHN7T5ucFiuQbqkgv8ECbRWKfRiJxrO/xHR3fHf+f2C7mVs/KkJHhYtovS1iEapR4silygX9PY0+QUmHPOTYw==",
			"requires": {
				"tiny-warning": "^1.0.3",
				"tslib": "^2.1.0"
			}
		},
		"@reach/visually-hidden": {
			"version": "0.15.0",
			"resolved": "https://registry.npmjs.org/@reach/visually-hidden/-/visually-hidden-0.15.0.tgz",
			"integrity": "sha512-ZRRBOaRrvSM6iCk+R2/8txFfXLY2DsnZQuaHNqOuSvz8vN2+syUnni1T+hpC93rvBRXtqD36kqdTsu5qihGnFw==",
			"requires": {
				"prop-types": "^15.7.2",
				"tslib": "^2.1.0"
			}
		},
		"classnames": {
			"version": "2.3.1",
			"resolved": "https://registry.npmjs.org/classnames/-/classnames-2.3.1.tgz",
			"integrity": "sha512-OlQdbZ7gLfGarSqxesMesDa5uz7KFbID8Kpq/SxIoNGDqY8lSYs0D+hhtBXhcdB3rcbXArFr7vlHheLk1voeNA=="
		},
		"deepmerge": {
			"version": "2.2.1",
			"resolved": "https://registry.npmjs.org/deepmerge/-/deepmerge-2.2.1.tgz",
			"integrity": "sha512-R9hc1Xa/NOBi9WRVUWg19rl1UB7Tt4kuPd+thNJgFZoxXsTz7ncaPaeIm+40oSGuP33DfMb4sZt1QIGiJzC4EA==",
			"optional": true
		},
		"formik": {
			"version": "2.2.9",
			"resolved": "https://registry.npmjs.org/formik/-/formik-2.2.9.tgz",
			"integrity": "sha512-LQLcISMmf1r5at4/gyJigGn0gOwFbeEAlji+N9InZF6LIMXnFNkO42sCI8Jt84YZggpD4cPWObAZaxpEFtSzNA==",
			"optional": true,
			"requires": {
				"deepmerge": "^2.1.1",
				"hoist-non-react-statics": "^3.3.0",
				"lodash": "^4.17.21",
				"lodash-es": "^4.17.21",
				"react-fast-compare": "^2.0.1",
				"tiny-warning": "^1.0.2",
				"tslib": "^1.10.0"
			},
			"dependencies": {
				"tslib": {
					"version": "1.14.1",
					"resolved": "https://registry.npmjs.org/tslib/-/tslib-1.14.1.tgz",
					"integrity": "sha512-Xni35NKzjgMrwevysHTCArtLDpPvye8zV/0E4EyYn43P7/7qvQwPh9BGkHewbMulVntbigmcT7rdX3BNo9wRJg==",
					"optional": true
				}
			}
		},
		"fuzzysearch": {
			"version": "1.0.3",
			"resolved": "https://registry.npmjs.org/fuzzysearch/-/fuzzysearch-1.0.3.tgz",
			"integrity": "sha1-3/yA9tawQiPyImqnndGUIxCW0Ag="
		},
		"hoist-non-react-statics": {
			"version": "3.3.2",
			"resolved": "https://registry.npmjs.org/hoist-non-react-statics/-/hoist-non-react-statics-3.3.2.tgz",
			"integrity": "sha512-/gGivxi8JPKWNm/W0jSmzcMPpfpPLc3dY/6GxhX2hQ9iGj3aDfklV4ET7NjKpSinLpJ5vafa9iiGIEZg10SfBw==",
			"optional": true,
			"requires": {
				"react-is": "^16.7.0"
			}
		},
		"js-tokens": {
			"version": "4.0.0",
			"resolved": "https://registry.npmjs.org/js-tokens/-/js-tokens-4.0.0.tgz",
			"integrity": "sha512-RdJUflcE3cUzKiMqQgsCu06FPu9UdIJO0beYbPhHN4k6apgJtifcoCtT9bcxOpYBtpD2kCM6Sbzg4CausW/PKQ=="
		},
		"lodash": {
			"version": "4.17.21",
			"resolved": "https://registry.npmjs.org/lodash/-/lodash-4.17.21.tgz",
			"integrity": "sha512-v2kDEe57lecTulaDIuNTPy3Ry4gLGJ6Z1O3vE1krgXZNrsQ+LFTGHVxVjcXPs17LhbZVGedAJv8XZ1tvj5FvSg==",
			"optional": true
		},
		"lodash-es": {
			"version": "4.17.21",
			"resolved": "https://registry.npmjs.org/lodash-es/-/lodash-es-4.17.21.tgz",
			"integrity": "sha512-mKnC+QJ9pWVzv+C4/U3rRsHapFfHvQFoFB92e52xeyGMcX6/OlIl78je1u8vePzYZSkkogMPJ2yjxxsb89cxyw==",
			"optional": true
		},
		"loose-envify": {
			"version": "1.4.0",
			"resolved": "https://registry.npmjs.org/loose-envify/-/loose-envify-1.4.0.tgz",
			"integrity": "sha512-lyuxPGr/Wfhrlem2CL/UcnUc1zcqKAImBDzukY7Y5F/yQiNdko6+fRLevlw1HgMySw7f611UIY408EtxRSoK3Q==",
			"requires": {
				"js-tokens": "^3.0.0 || ^4.0.0"
			}
		},
		"object-assign": {
			"version": "4.1.1",
			"resolved": "https://registry.npmjs.org/object-assign/-/object-assign-4.1.1.tgz",
			"integrity": "sha1-IQmtx5ZYh8/AXLvUQsrIv7s2CGM="
		},
		"prop-types": {
			"version": "15.7.2",
			"resolved": "https://registry.npmjs.org/prop-types/-/prop-types-15.7.2.tgz",
			"integrity": "sha512-8QQikdH7//R2vurIJSutZ1smHYTcLpRWEOlHnzcWHmBYrOGUysKwSsrC89BCiFj3CbrfJ/nXFdJepOVrY1GCHQ==",
			"requires": {
				"loose-envify": "^1.4.0",
				"object-assign": "^4.1.1",
				"react-is": "^16.8.1"
			}
		},
		"react-fast-compare": {
			"version": "2.0.4",
			"resolved": "https://registry.npmjs.org/react-fast-compare/-/react-fast-compare-2.0.4.tgz",
			"integrity": "sha512-suNP+J1VU1MWFKcyt7RtjiSWUjvidmQSlqu+eHslq+342xCbGTYmC0mEhPCOHxlW0CywylOC1u2DFAT+bv4dBw==",
			"optional": true
		},
		"react-is": {
			"version": "16.13.1",
			"resolved": "https://registry.npmjs.org/react-is/-/react-is-16.13.1.tgz",
			"integrity": "sha512-24e6ynE2H+OKt4kqsOvNd8kBpV65zoxbA4BVsEOB3ARVWQki/DHzaUoC5KuON/BiccDaCCTZBuOcfZs70kR8bQ=="
		},
		"tabbable": {
			"version": "4.0.0",
			"resolved": "https://registry.npmjs.org/tabbable/-/tabbable-4.0.0.tgz",
			"integrity": "sha512-H1XoH1URcBOa/rZZWxLxHCtOdVUEev+9vo5YdYhC9tCY4wnybX+VQrCYuy9ubkg69fCBxCONJOSLGfw0DWMffQ=="
		},
		"tiny-warning": {
			"version": "1.0.3",
			"resolved": "https://registry.npmjs.org/tiny-warning/-/tiny-warning-1.0.3.tgz",
			"integrity": "sha512-lBN9zLN/oAf68o3zNXYrdCt1kP8WsiGW8Oo2ka41b2IM5JL/S1CTyX1rW0mb/zSuJun0ZUrDxx4sqvYS2FWzPA=="
		},
		"tslib": {
			"version": "2.3.0",
			"resolved": "https://registry.npmjs.org/tslib/-/tslib-2.3.0.tgz",
			"integrity": "sha512-N82ooyxVNm6h1riLCoyS9e3fuJ3AMG2zIZs2Gd1ATcSFjSA23Q0fzjjZeh0jbJvWVDZ0cJT8yaNNaaXHzueNjg=="
		}
	}
}
