{
	"name": "@hashicorp/react-combobox",
	"version": "0.0.1",
	"lockfileVersion": 1,
	"requires": true,
	"dependencies": {
		"@reach/auto-id": {
			"version": "0.15.0",
			"resolved": "https://registry.npmjs.org/@reach/auto-id/-/auto-id-0.15.0.tgz",
			"integrity": "sha512-iACaCcZeqAhDf4OOwJpmHHS/LaRj9z3Ip8JmlhpCrFWV2YOIiiZk42amlBZX6CKH66Md+eriYZQk3TyAjk6Oxg==",
			"requires": {
				"@reach/utils": "0.15.0",
				"tslib": "^2.1.0"
			}
		},
		"@reach/combobox": {
			"version": "0.15.1",
			"resolved": "https://registry.npmjs.org/@reach/combobox/-/combobox-0.15.1.tgz",
			"integrity": "sha512-4WvxqHYEX2aW2FqNqwJtYYYaTOgyMaZ5OYVWP/iyTunrcbyHWZsoCt3CBR6/AfMsiJ7I7yCxX2tLShjFOGAA+A==",
			"requires": {
				"@reach/auto-id": "0.15.0",
				"@reach/descendants": "0.15.0",
				"@reach/popover": "0.15.0",
				"@reach/portal": "0.15.0",
				"@reach/utils": "0.15.0",
				"prop-types": "^15.7.2",
				"tslib": "^2.1.0"
			}
		},
		"@reach/descendants": {
			"version": "0.15.0",
			"resolved": "https://registry.npmjs.org/@reach/descendants/-/descendants-0.15.0.tgz",
			"integrity": "sha512-MGs+7sGjx07sm29Wc2d/Ya72qwatNVHofnYwwHMT6LImv99kE5TQMCgkMSDeRwqQxHURmcjb4I7Tab+ahvCGiw==",
			"requires": {
				"@reach/utils": "0.15.0",
				"tslib": "^2.1.0"
			}
		},
		"@reach/observe-rect": {
			"version": "1.2.0",
			"resolved": "https://registry.npmjs.org/@reach/observe-rect/-/observe-rect-1.2.0.tgz",
			"integrity": "sha512-Ba7HmkFgfQxZqqaeIWWkNK0rEhpxVQHIoVyW1YDSkGsGIXzcaW4deC8B0pZrNSSyLTdIk7y+5olKt5+g0GmFIQ=="
		},
		"@reach/popover": {
			"version": "0.15.0",
			"resolved": "https://registry.npmjs.org/@reach/popover/-/popover-0.15.0.tgz",
			"integrity": "sha512-nBR6ZlULF7ZZIqkN47QEWmdqUX2Zd6FSeYJku1il9OkiMnWzI3aTOyu1B+IJfYeIqg28D/aeF4ff0oVu1VUrqQ==",
			"requires": {
				"@reach/portal": "0.15.0",
				"@reach/rect": "0.15.0",
				"@reach/utils": "0.15.0",
				"tabbable": "^4.0.0",
				"tslib": "^2.1.0"
			}
		},
		"@reach/portal": {
			"version": "0.15.0",
			"resolved": "https://registry.npmjs.org/@reach/portal/-/portal-0.15.0.tgz",
			"integrity": "sha512-Aulqjk/PIRu+R7yhINYAAYfYh++ZdC30qwHDWDtGk2cmTEJT7m9AlvBX+W7T+Q3Ux6Wy5f37eV+TTGid1CcjFw==",
			"requires": {
				"@reach/utils": "0.15.0",
				"tslib": "^2.1.0"
			}
		},
		"@reach/rect": {
			"version": "0.15.0",
			"resolved": "https://registry.npmjs.org/@reach/rect/-/rect-0.15.0.tgz",
			"integrity": "sha512-Nu0zG4Xq8Z0C3Yr3wbjtj7fvII1q2KopHDStNtmL26oWPzlaZJ9A1K6rZSPIqxKkx1hvl6AUTeom7eHTIKhHjA==",
			"requires": {
				"@reach/observe-rect": "1.2.0",
				"@reach/utils": "0.15.0",
				"prop-types": "^15.7.2",
				"tiny-warning": "^1.0.3",
				"tslib": "^2.1.0"
			}
		},
		"@reach/utils": {
			"version": "0.15.0",
			"resolved": "https://registry.npmjs.org/@reach/utils/-/utils-0.15.0.tgz",
			"integrity": "sha512-JHHN7T5ucFiuQbqkgv8ECbRWKfRiJxrO/xHR3fHf+f2C7mVs/KkJHhYtovS1iEapR4silygX9PY0+QUmHPOTYw==",
			"requires": {
				"tiny-warning": "^1.0.3",
				"tslib": "^2.1.0"
			}
		},
		"js-tokens": {
			"version": "4.0.0",
			"resolved": "https://registry.npmjs.org/js-tokens/-/js-tokens-4.0.0.tgz",
			"integrity": "sha512-RdJUflcE3cUzKiMqQgsCu06FPu9UdIJO0beYbPhHN4k6apgJtifcoCtT9bcxOpYBtpD2kCM6Sbzg4CausW/PKQ=="
		},
		"loose-envify": {
			"version": "1.4.0",
			"resolved": "https://registry.npmjs.org/loose-envify/-/loose-envify-1.4.0.tgz",
			"integrity": "sha512-lyuxPGr/Wfhrlem2CL/UcnUc1zcqKAImBDzukY7Y5F/yQiNdko6+fRLevlw1HgMySw7f611UIY408EtxRSoK3Q==",
			"requires": {
				"js-tokens": "^3.0.0 || ^4.0.0"
			}
		},
		"object-assign": {
			"version": "4.1.1",
			"resolved": "https://registry.npmjs.org/object-assign/-/object-assign-4.1.1.tgz",
			"integrity": "sha1-IQmtx5ZYh8/AXLvUQsrIv7s2CGM="
		},
		"prop-types": {
			"version": "15.7.2",
			"resolved": "https://registry.npmjs.org/prop-types/-/prop-types-15.7.2.tgz",
			"integrity": "sha512-8QQikdH7//R2vurIJSutZ1smHYTcLpRWEOlHnzcWHmBYrOGUysKwSsrC89BCiFj3CbrfJ/nXFdJepOVrY1GCHQ==",
			"requires": {
				"loose-envify": "^1.4.0",
				"object-assign": "^4.1.1",
				"react-is": "^16.8.1"
			}
		},
		"react-is": {
			"version": "16.13.1",
			"resolved": "https://registry.npmjs.org/react-is/-/react-is-16.13.1.tgz",
			"integrity": "sha512-24e6ynE2H+OKt4kqsOvNd8kBpV65zoxbA4BVsEOB3ARVWQki/DHzaUoC5KuON/BiccDaCCTZBuOcfZs70kR8bQ=="
		},
		"tabbable": {
			"version": "4.0.0",
			"resolved": "https://registry.npmjs.org/tabbable/-/tabbable-4.0.0.tgz",
			"integrity": "sha512-H1XoH1URcBOa/rZZWxLxHCtOdVUEev+9vo5YdYhC9tCY4wnybX+VQrCYuy9ubkg69fCBxCONJOSLGfw0DWMffQ=="
		},
		"tiny-warning": {
			"version": "1.0.3",
			"resolved": "https://registry.npmjs.org/tiny-warning/-/tiny-warning-1.0.3.tgz",
			"integrity": "sha512-lBN9zLN/oAf68o3zNXYrdCt1kP8WsiGW8Oo2ka41b2IM5JL/S1CTyX1rW0mb/zSuJun0ZUrDxx4sqvYS2FWzPA=="
		},
		"tslib": {
			"version": "2.3.0",
			"resolved": "https://registry.npmjs.org/tslib/-/tslib-2.3.0.tgz",
			"integrity": "sha512-N82ooyxVNm6h1riLCoyS9e3fuJ3AMG2zIZs2Gd1ATcSFjSA23Q0fzjjZeh0jbJvWVDZ0cJT8yaNNaaXHzueNjg=="
		}
	}
}
