{
  "name": "@hashicorp/react-logo-grid",
  "version": "3.0.1",
  "lockfileVersion": 1,
  "requires": true,
  "dependencies": {
    "@hashicorp/react-image": {
      "version": "2.0.4",
      "resolved": "https://registry.npmjs.org/@hashicorp/react-image/-/react-image-2.0.4.tgz",
      "integrity": "sha512-rJCx74lxQE9l9LpFhlxSjQ0yjrzjce5uzEGmMgPvMsNiQtgetjNyeg1p5N8k7xRGYXNapt8uY2kZiE69OyL9cQ==",
      "requires": {
        "object-assign": "^4.1.1",
        "query-string": "5.1.1"
      }
    },
    "@tippy.js/react": {
      "version": "2.2.2",
      "resolved": "https://registry.npmjs.org/@tippy.js/react/-/react-2.2.2.tgz",
      "integrity": "sha512-ex6IEy1cFC1a1MqbRaNZqo/MRK/GQOfa/VO5jydYeBrxnxJ3I/3gCX098dUHRLZmB6aFKVY39TwgnQRCbLUG4Q==",
      "requires": {
        "prop-types": "^15.6.2",
        "tippy.js": "^4.3.4"
      }
    },
    "decode-uri-component": {
      "version": "0.2.0",
      "resolved": "https://registry.npmjs.org/decode-uri-component/-/decode-uri-component-0.2.0.tgz",
      "integrity": "sha1-6zkTMzRYd1y4TNGh+uBiEGu4dUU="
    },
    "js-tokens": {
      "version": "4.0.0",
      "resolved": "https://registry.npmjs.org/js-tokens/-/js-tokens-4.0.0.tgz",
      "integrity": "sha512-RdJUflcE3cUzKiMqQgsCu06FPu9UdIJO0beYbPhHN4k6apgJtifcoCtT9bcxOpYBtpD2kCM6Sbzg4CausW/PKQ=="
    },
    "loose-envify": {
      "version": "1.4.0",
      "resolved": "https://registry.npmjs.org/loose-envify/-/loose-envify-1.4.0.tgz",
      "integrity": "sha512-lyuxPGr/Wfhrlem2CL/UcnUc1zcqKAImBDzukY7Y5F/yQiNdko6+fRLevlw1HgMySw7f611UIY408EtxRSoK3Q==",
      "requires": {
        "js-tokens": "^3.0.0 || ^4.0.0"
      }
    },
    "object-assign": {
      "version": "4.1.1",
      "resolved": "https://registry.npmjs.org/object-assign/-/object-assign-4.1.1.tgz",
      "integrity": "sha1-IQmtx5ZYh8/AXLvUQsrIv7s2CGM="
    },
    "popper.js": {
      "version": "1.15.0",
      "resolved": "https://registry.npmjs.org/popper.js/-/popper.js-1.15.0.tgz",
      "integrity": "sha512-w010cY1oCUmI+9KwwlWki+r5jxKfTFDVoadl7MSrIujHU5MJ5OR6HTDj6Xo8aoR/QsA56x8jKjA59qGH4ELtrA=="
    },
    "prop-types": {
      "version": "15.7.2",
      "resolved": "https://registry.npmjs.org/prop-types/-/prop-types-15.7.2.tgz",
      "integrity": "sha512-8QQikdH7//R2vurIJSutZ1smHYTcLpRWEOlHnzcWHmBYrOGUysKwSsrC89BCiFj3CbrfJ/nXFdJepOVrY1GCHQ==",
      "requires": {
        "loose-envify": "^1.4.0",
        "object-assign": "^4.1.1",
        "react-is": "^16.8.1"
      }
    },
    "query-string": {
      "version": "5.1.1",
      "resolved": "https://registry.npmjs.org/query-string/-/query-string-5.1.1.tgz",
      "integrity": "sha512-gjWOsm2SoGlgLEdAGt7a6slVOk9mGiXmPFMqrEhLQ68rhQuBnpfs3+EmlvqKyxnCo9/PPlF+9MtY02S1aFg+Jw==",
      "requires": {
        "decode-uri-component": "^0.2.0",
        "object-assign": "^4.1.0",
        "strict-uri-encode": "^1.0.0"
      }
    },
    "react-is": {
      "version": "16.9.0",
      "resolved": "https://registry.npmjs.org/react-is/-/react-is-16.9.0.tgz",
      "integrity": "sha512-tJBzzzIgnnRfEm046qRcURvwQnZVXmuCbscxUO5RWrGTXpon2d4c8mI0D8WE6ydVIm29JiLB6+RslkIvym9Rjw=="
    },
    "strict-uri-encode": {
      "version": "1.1.0",
      "resolved": "https://registry.npmjs.org/strict-uri-encode/-/strict-uri-encode-1.1.0.tgz",
      "integrity": "sha1-J5siXfHVgrH1TmWt3UNS4Y+qBxM="
    },
    "tippy.js": {
      "version": "4.3.5",
      "resolved": "https://registry.npmjs.org/tippy.js/-/tippy.js-4.3.5.tgz",
      "integrity": "sha512-NDq3efte8nGK6BOJ1dDN1/WelAwfmh3UtIYXXck6+SxLzbIQNZE/cmRSnwScZ/FyiKdIcvFHvYUgqmoGx8CcyA==",
      "requires": {
        "popper.js": "^1.14.7"
      }
    }
  }
}
