{
	"name": "@hashicorp/react-content",
	"version": "7.1.0",
	"lockfileVersion": 1,
	"requires": true,
	"dependencies": {
		"@hashicorp/platform-product-meta": {
			"version": "0.1.0",
			"resolved": "https://registry.npmjs.org/@hashicorp/platform-product-meta/-/platform-product-meta-0.1.0.tgz",
			"integrity": "sha512-UXAiYENDP8I0mD9+LNMyaCksUPthPRkxAIzg12SbERgx5kAjEaBCzYRHKXibL1dZpVQiRfs0i/0ieSw0mP2y+Q==",
			"requires": {
				"@hashicorp/platform-util": "^0.1.0"
			}
		},
		"@hashicorp/platform-util": {
			"version": "0.1.0",
			"resolved": "https://registry.npmjs.org/@hashicorp/platform-util/-/platform-util-0.1.0.tgz",
			"integrity": "sha512-XGWmQnMThygQKUsB5fPfhWT2KIbAq3Zax1K7TiEarX7IrngpEk7oTpVUR0uEraZgpfsaOfhHGSilvBRZjCZ+Ew==",
			"requires": {
				"nprogress": "0.2.0"
			}
		},
		"classnames": {
			"version": "2.3.1",
			"resolved": "https://registry.npmjs.org/classnames/-/classnames-2.3.1.tgz",
			"integrity": "sha512-OlQdbZ7gLfGarSqxesMesDa5uz7KFbID8Kpq/SxIoNGDqY8lSYs0D+hhtBXhcdB3rcbXArFr7vlHheLk1voeNA=="
		},
		"nprogress": {
			"version": "0.2.0",
			"resolved": "https://registry.npmjs.org/nprogress/-/nprogress-0.2.0.tgz",
			"integrity": "sha1-y480xTIT2JVyP8urkH6UIq28r7E="
		}
	}
}
