{
  "name": "@hashicorp/react-text-split",
  "version": "3.2.3",
  "lockfileVersion": 1,
  "requires": true,
  "dependencies": {
    "@hashicorp/platform-product-meta": {
      "version": "0.1.0",
      "resolved": "https://registry.npmjs.org/@hashicorp/platform-product-meta/-/platform-product-meta-0.1.0.tgz",
      "integrity": "sha512-UXAiYENDP8I0mD9+LNMyaCksUPthPRkxAIzg12SbERgx5kAjEaBCzYRHKXibL1dZpVQiRfs0i/0ieSw0mP2y+Q==",
      "requires": {
        "@hashicorp/platform-util": "^0.1.0"
      }
    },
    "@hashicorp/platform-util": {
      "version": "0.1.0",
      "resolved": "https://registry.npmjs.org/@hashicorp/platform-util/-/platform-util-0.1.0.tgz",
      "integrity": "sha512-XGWmQnMThygQKUsB5fPfhWT2KIbAq3Zax1K7TiEarX7IrngpEk7oTpVUR0uEraZgpfsaOfhHGSilvBRZjCZ+Ew==",
      "requires": {
        "nprogress": "0.2.0"
      }
    },
    "classnames": {
      "version": "2.2.6",
      "resolved": "https://registry.npmjs.org/classnames/-/classnames-2.2.6.tgz",
      "integrity": "sha512-JR/iSQOSt+LQIWwrwEzJ9uk0xfN3mTVYMwt1Ir5mUcSN6pU+V4zQFFaJsclJbPuAUQH+yfWef6tm7l1quW3C8Q=="
    },
    "nprogress": {
      "version": "0.2.0",
      "resolved": "https://registry.npmjs.org/nprogress/-/nprogress-0.2.0.tgz",
      "integrity": "sha1-y480xTIT2JVyP8urkH6UIq28r7E="
    }
  }
}
