{
	"name": "@hashicorp/react-enterprise-alert",
	"version": "5.0.1",
	"lockfileVersion": 1,
	"requires": true,
	"dependencies": {
		"@hashicorp/js-utils": {
			"version": "1.0.10",
			"resolved": "https://registry.npmjs.org/@hashicorp/js-utils/-/js-utils-1.0.10.tgz",
			"integrity": "sha512-59AS4kK3EURCTU9ibJmk8MVT8i3qc5tEHv985dxECZrWTL4+3kKr45u/13OPpcRlpUSIKeWEsN9FL1f5/ztHww=="
		},
		"@hashicorp/platform-product-meta": {
			"version": "0.1.0",
			"resolved": "https://registry.npmjs.org/@hashicorp/platform-product-meta/-/platform-product-meta-0.1.0.tgz",
			"integrity": "sha512-UXAiYENDP8I0mD9+LNMyaCksUPthPRkxAIzg12SbERgx5kAjEaBCzYRHKXibL1dZpVQiRfs0i/0ieSw0mP2y+Q==",
			"requires": {
				"@hashicorp/platform-util": "^0.1.0"
			}
		},
		"@hashicorp/platform-util": {
			"version": "0.1.0",
			"resolved": "https://registry.npmjs.org/@hashicorp/platform-util/-/platform-util-0.1.0.tgz",
			"integrity": "sha512-XGWmQnMThygQKUsB5fPfhWT2KIbAq3Zax1K7TiEarX7IrngpEk7oTpVUR0uEraZgpfsaOfhHGSilvBRZjCZ+Ew==",
			"requires": {
				"nprogress": "0.2.0"
			}
		},
		"nprogress": {
			"version": "0.2.0",
			"resolved": "https://registry.npmjs.org/nprogress/-/nprogress-0.2.0.tgz",
			"integrity": "sha1-y480xTIT2JVyP8urkH6UIq28r7E="
		}
	}
}
