{
  "name": "@hashicorp/react-tabbed-accordion",
  "version": "4.0.4",
  "lockfileVersion": 2,
  "requires": true,
  "packages": {
    "": {
      "name": "@hashicorp/react-tabbed-accordion",
      "version": "4.0.4",
      "license": "MPL-2.0",
      "dependencies": {
        "@hashicorp/react-accordion": "^2.0.3",
        "@hashicorp/react-tabs": "^6.1.1",
        "classnames": "^2.3.1"
      },
      "peerDependencies": {
        "@hashicorp/mktg-global-styles": ">=3.x",
        "react": ">=16.x"
      }
    },
    "node_modules/@hashicorp/mktg-global-styles": {
      "version": "4.0.0",
      "resolved": "https://registry.npmjs.org/@hashicorp/mktg-global-styles/-/mktg-global-styles-4.0.0.tgz",
      "integrity": "sha512-5B0/AUCtqTeGoDR9a5FmkRAC5ubBSN2DQEtDHFy7eOSxXqETRfvMRjHa4Gfv1shfb0PNMufDWKfaDalhuHJ+jA==",
      "peer": true
    },
    "node_modules/@hashicorp/react-accordion": {
      "version": "2.0.3",
      "resolved": "https://registry.npmjs.org/@hashicorp/react-accordion/-/react-accordion-2.0.3.tgz",
      "integrity": "sha512-OXzce+8zz496v6lyQLN0Xphqzequh43zAFwKyRbdFU0xDhX5wyjfZX6h8TXKCfHMD/IZPMqCCaIcUR4HIPStYg==",
      "dependencies": {
        "@hashicorp/react-inline-svg": "^1.0.2"
      },
      "peerDependencies": {
        "@hashicorp/mktg-global-styles": ">=3.x",
        "react": ">=16.x"
      }
    },
    "node_modules/@hashicorp/react-inline-svg": {
      "version": "1.0.2",
      "resolved": "https://registry.npmjs.org/@hashicorp/react-inline-svg/-/react-inline-svg-1.0.2.tgz",
      "integrity": "sha512-AAFnBslSTgnEr++dTbMn3sybAqvn7myIj88ijGigF6u11eSRiV64zqEcyYLQKWTV6dF4AvYoxiYC6GSOgiM0Yw==",
      "peerDependencies": {
        "react": "^16.9.0"
      }
    },
    "node_modules/@hashicorp/react-tabs": {
      "version": "6.1.1",
      "resolved": "https://registry.npmjs.org/@hashicorp/react-tabs/-/react-tabs-6.1.1.tgz",
      "integrity": "sha512-gv2fc9PA+bdObF5Q5N56xiuIG99y1AmJUcH2o0w7fYBxG19M2bkBqWPuSTEzqWcvCQu7qEF86sqiyvlx9DpCMg==",
      "dependencies": {
        "@hashicorp/react-inline-svg": "^1.0.2",
        "@tippy.js/react": "^3.1.1"
      },
      "peerDependencies": {
        "@hashicorp/mktg-global-styles": ">=3.x"
      }
    },
    "node_modules/@hashicorp/react-tabs/node_modules/@tippy.js/react": {
      "version": "3.1.1",
      "resolved": "https://registry.npmjs.org/@tippy.js/react/-/react-3.1.1.tgz",
      "integrity": "sha512-KF45vW/jKh/nBXk/2zzTFslv/T46zOMkIoDJ56ymZ+M00yHttk58J5wZ29oqGqDIUnobWSZD+cFpbR4u/UUvgw==",
      "deprecated": "This package has moved to @tippyjs/react (the same but without a dot in the scoped organization) due to issues some shells had with the dot when installing the package.",
      "dependencies": {
        "prop-types": "^15.6.2",
        "tippy.js": "^5.1.1"
      },
      "peerDependencies": {
        "react": ">=16.8",
        "react-dom": ">=16.8"
      }
    },
    "node_modules/@hashicorp/react-tabs/node_modules/react": {
      "version": "17.0.2",
      "resolved": "https://registry.npmjs.org/react/-/react-17.0.2.tgz",
      "integrity": "sha512-gnhPt75i/dq/z3/6q/0asP78D0u592D5L1pd7M8P+dck6Fu/jJeL6iVVK23fptSUZj8Vjf++7wXA8UNclGQcbA==",
      "peer": true,
      "dependencies": {
        "loose-envify": "^1.1.0",
        "object-assign": "^4.1.1"
      },
      "engines": {
        "node": ">=0.10.0"
      }
    },
    "node_modules/@hashicorp/react-tabs/node_modules/react-dom": {
      "version": "17.0.2",
      "resolved": "https://registry.npmjs.org/react-dom/-/react-dom-17.0.2.tgz",
      "integrity": "sha512-s4h96KtLDUQlsENhMn1ar8t2bEa+q/YAtj8pPPdIjPDGBDIVNsrD9aXNWqspUe6AzKCIG0C1HZZLqLV7qpOBGA==",
      "peer": true,
      "dependencies": {
        "loose-envify": "^1.1.0",
        "object-assign": "^4.1.1",
        "scheduler": "^0.20.2"
      },
      "peerDependencies": {
        "react": "17.0.2"
      }
    },
    "node_modules/classnames": {
      "version": "2.3.1",
      "resolved": "https://registry.npmjs.org/classnames/-/classnames-2.3.1.tgz",
      "integrity": "sha512-OlQdbZ7gLfGarSqxesMesDa5uz7KFbID8Kpq/SxIoNGDqY8lSYs0D+hhtBXhcdB3rcbXArFr7vlHheLk1voeNA=="
    },
    "node_modules/js-tokens": {
      "version": "4.0.0",
      "resolved": "https://registry.npmjs.org/js-tokens/-/js-tokens-4.0.0.tgz",
      "integrity": "sha512-RdJUflcE3cUzKiMqQgsCu06FPu9UdIJO0beYbPhHN4k6apgJtifcoCtT9bcxOpYBtpD2kCM6Sbzg4CausW/PKQ=="
    },
    "node_modules/loose-envify": {
      "version": "1.4.0",
      "resolved": "https://registry.npmjs.org/loose-envify/-/loose-envify-1.4.0.tgz",
      "integrity": "sha512-lyuxPGr/Wfhrlem2CL/UcnUc1zcqKAImBDzukY7Y5F/yQiNdko6+fRLevlw1HgMySw7f611UIY408EtxRSoK3Q==",
      "dependencies": {
        "js-tokens": "^3.0.0 || ^4.0.0"
      },
      "bin": {
        "loose-envify": "cli.js"
      }
    },
    "node_modules/object-assign": {
      "version": "4.1.1",
      "resolved": "https://registry.npmjs.org/object-assign/-/object-assign-4.1.1.tgz",
      "integrity": "sha1-IQmtx5ZYh8/AXLvUQsrIv7s2CGM=",
      "engines": {
        "node": ">=0.10.0"
      }
    },
    "node_modules/popper.js": {
      "version": "1.16.1",
      "resolved": "https://registry.npmjs.org/popper.js/-/popper.js-1.16.1.tgz",
      "integrity": "sha512-Wb4p1J4zyFTbM+u6WuO4XstYx4Ky9Cewe4DWrel7B0w6VVICvPwdOpotjzcf6eD8TsckVnIMNONQyPIUFOUbCQ==",
      "deprecated": "You can find the new Popper v2 at @popperjs/core, this package is dedicated to the legacy v1",
      "funding": {
        "type": "opencollective",
        "url": "https://opencollective.com/popperjs"
      }
    },
    "node_modules/prop-types": {
      "version": "15.7.2",
      "resolved": "https://registry.npmjs.org/prop-types/-/prop-types-15.7.2.tgz",
      "integrity": "sha512-8QQikdH7//R2vurIJSutZ1smHYTcLpRWEOlHnzcWHmBYrOGUysKwSsrC89BCiFj3CbrfJ/nXFdJepOVrY1GCHQ==",
      "dependencies": {
        "loose-envify": "^1.4.0",
        "object-assign": "^4.1.1",
        "react-is": "^16.8.1"
      }
    },
    "node_modules/react": {
      "version": "16.14.0",
      "resolved": "https://registry.npmjs.org/react/-/react-16.14.0.tgz",
      "integrity": "sha512-0X2CImDkJGApiAlcf0ODKIneSwBPhqJawOa5wCtKbu7ZECrmS26NvtSILynQ66cgkT/RJ4LidJOc3bUESwmU8g==",
      "peer": true,
      "dependencies": {
        "loose-envify": "^1.1.0",
        "object-assign": "^4.1.1",
        "prop-types": "^15.6.2"
      },
      "engines": {
        "node": ">=0.10.0"
      }
    },
    "node_modules/react-is": {
      "version": "16.13.1",
      "resolved": "https://registry.npmjs.org/react-is/-/react-is-16.13.1.tgz",
      "integrity": "sha512-24e6ynE2H+OKt4kqsOvNd8kBpV65zoxbA4BVsEOB3ARVWQki/DHzaUoC5KuON/BiccDaCCTZBuOcfZs70kR8bQ=="
    },
    "node_modules/scheduler": {
      "version": "0.20.2",
      "resolved": "https://registry.npmjs.org/scheduler/-/scheduler-0.20.2.tgz",
      "integrity": "sha512-2eWfGgAqqWFGqtdMmcL5zCMK1U8KlXv8SQFGglL3CEtd0aDVDWgeF/YoCmvln55m5zSk3J/20hTaSBeSObsQDQ==",
      "peer": true,
      "dependencies": {
        "loose-envify": "^1.1.0",
        "object-assign": "^4.1.1"
      }
    },
    "node_modules/tippy.js": {
      "version": "5.2.1",
      "resolved": "https://registry.npmjs.org/tippy.js/-/tippy.js-5.2.1.tgz",
      "integrity": "sha512-66UT6JRVn3dXNCORE+0UvUK3JZqV/VhLlU6HTDm3FmrweUUFUxUGvT8tUQ7ycMp+uhuLAwQw6dBabyC+iKf/MA==",
      "dependencies": {
        "popper.js": "^1.16.0"
      }
    }
  },
  "dependencies": {
    "@hashicorp/mktg-global-styles": {
      "version": "4.0.0",
      "resolved": "https://registry.npmjs.org/@hashicorp/mktg-global-styles/-/mktg-global-styles-4.0.0.tgz",
      "integrity": "sha512-5B0/AUCtqTeGoDR9a5FmkRAC5ubBSN2DQEtDHFy7eOSxXqETRfvMRjHa4Gfv1shfb0PNMufDWKfaDalhuHJ+jA==",
      "peer": true
    },
    "@hashicorp/react-accordion": {
      "version": "2.0.3",
      "resolved": "https://registry.npmjs.org/@hashicorp/react-accordion/-/react-accordion-2.0.3.tgz",
      "integrity": "sha512-OXzce+8zz496v6lyQLN0Xphqzequh43zAFwKyRbdFU0xDhX5wyjfZX6h8TXKCfHMD/IZPMqCCaIcUR4HIPStYg==",
      "requires": {
        "@hashicorp/react-inline-svg": "^1.0.2"
      }
    },
    "@hashicorp/react-inline-svg": {
      "version": "1.0.2",
      "resolved": "https://registry.npmjs.org/@hashicorp/react-inline-svg/-/react-inline-svg-1.0.2.tgz",
      "integrity": "sha512-AAFnBslSTgnEr++dTbMn3sybAqvn7myIj88ijGigF6u11eSRiV64zqEcyYLQKWTV6dF4AvYoxiYC6GSOgiM0Yw==",
      "requires": {}
    },
    "@hashicorp/react-tabs": {
      "version": "6.1.1",
      "resolved": "https://registry.npmjs.org/@hashicorp/react-tabs/-/react-tabs-6.1.1.tgz",
      "integrity": "sha512-gv2fc9PA+bdObF5Q5N56xiuIG99y1AmJUcH2o0w7fYBxG19M2bkBqWPuSTEzqWcvCQu7qEF86sqiyvlx9DpCMg==",
      "requires": {
        "@hashicorp/react-inline-svg": "^1.0.2",
        "@tippy.js/react": "^3.1.1"
      },
      "dependencies": {
        "@tippy.js/react": {
          "version": "3.1.1",
          "resolved": "https://registry.npmjs.org/@tippy.js/react/-/react-3.1.1.tgz",
          "integrity": "sha512-KF45vW/jKh/nBXk/2zzTFslv/T46zOMkIoDJ56ymZ+M00yHttk58J5wZ29oqGqDIUnobWSZD+cFpbR4u/UUvgw==",
          "requires": {
            "prop-types": "^15.6.2",
            "tippy.js": "^5.1.1"
          }
        },
        "react": {
          "version": "17.0.2",
          "resolved": "https://registry.npmjs.org/react/-/react-17.0.2.tgz",
          "integrity": "sha512-gnhPt75i/dq/z3/6q/0asP78D0u592D5L1pd7M8P+dck6Fu/jJeL6iVVK23fptSUZj8Vjf++7wXA8UNclGQcbA==",
          "peer": true,
          "requires": {
            "loose-envify": "^1.1.0",
            "object-assign": "^4.1.1"
          }
        },
        "react-dom": {
          "version": "17.0.2",
          "resolved": "https://registry.npmjs.org/react-dom/-/react-dom-17.0.2.tgz",
          "integrity": "sha512-s4h96KtLDUQlsENhMn1ar8t2bEa+q/YAtj8pPPdIjPDGBDIVNsrD9aXNWqspUe6AzKCIG0C1HZZLqLV7qpOBGA==",
          "peer": true,
          "requires": {
            "loose-envify": "^1.1.0",
            "object-assign": "^4.1.1",
            "scheduler": "^0.20.2"
          }
        }
      }
    },
    "classnames": {
      "version": "2.3.1",
      "resolved": "https://registry.npmjs.org/classnames/-/classnames-2.3.1.tgz",
      "integrity": "sha512-OlQdbZ7gLfGarSqxesMesDa5uz7KFbID8Kpq/SxIoNGDqY8lSYs0D+hhtBXhcdB3rcbXArFr7vlHheLk1voeNA=="
    },
    "js-tokens": {
      "version": "4.0.0",
      "resolved": "https://registry.npmjs.org/js-tokens/-/js-tokens-4.0.0.tgz",
      "integrity": "sha512-RdJUflcE3cUzKiMqQgsCu06FPu9UdIJO0beYbPhHN4k6apgJtifcoCtT9bcxOpYBtpD2kCM6Sbzg4CausW/PKQ=="
    },
    "loose-envify": {
      "version": "1.4.0",
      "resolved": "https://registry.npmjs.org/loose-envify/-/loose-envify-1.4.0.tgz",
      "integrity": "sha512-lyuxPGr/Wfhrlem2CL/UcnUc1zcqKAImBDzukY7Y5F/yQiNdko6+fRLevlw1HgMySw7f611UIY408EtxRSoK3Q==",
      "requires": {
        "js-tokens": "^3.0.0 || ^4.0.0"
      }
    },
    "object-assign": {
      "version": "4.1.1",
      "resolved": "https://registry.npmjs.org/object-assign/-/object-assign-4.1.1.tgz",
      "integrity": "sha1-IQmtx5ZYh8/AXLvUQsrIv7s2CGM="
    },
    "popper.js": {
      "version": "1.16.1",
      "resolved": "https://registry.npmjs.org/popper.js/-/popper.js-1.16.1.tgz",
      "integrity": "sha512-Wb4p1J4zyFTbM+u6WuO4XstYx4Ky9Cewe4DWrel7B0w6VVICvPwdOpotjzcf6eD8TsckVnIMNONQyPIUFOUbCQ=="
    },
    "prop-types": {
      "version": "15.7.2",
      "resolved": "https://registry.npmjs.org/prop-types/-/prop-types-15.7.2.tgz",
      "integrity": "sha512-8QQikdH7//R2vurIJSutZ1smHYTcLpRWEOlHnzcWHmBYrOGUysKwSsrC89BCiFj3CbrfJ/nXFdJepOVrY1GCHQ==",
      "requires": {
        "loose-envify": "^1.4.0",
        "object-assign": "^4.1.1",
        "react-is": "^16.8.1"
      }
    },
    "react": {
      "version": "16.14.0",
      "resolved": "https://registry.npmjs.org/react/-/react-16.14.0.tgz",
      "integrity": "sha512-0X2CImDkJGApiAlcf0ODKIneSwBPhqJawOa5wCtKbu7ZECrmS26NvtSILynQ66cgkT/RJ4LidJOc3bUESwmU8g==",
      "peer": true,
      "requires": {
        "loose-envify": "^1.1.0",
        "object-assign": "^4.1.1",
        "prop-types": "^15.6.2"
      }
    },
    "react-is": {
      "version": "16.13.1",
      "resolved": "https://registry.npmjs.org/react-is/-/react-is-16.13.1.tgz",
      "integrity": "sha512-24e6ynE2H+OKt4kqsOvNd8kBpV65zoxbA4BVsEOB3ARVWQki/DHzaUoC5KuON/BiccDaCCTZBuOcfZs70kR8bQ=="
    },
    "scheduler": {
      "version": "0.20.2",
      "resolved": "https://registry.npmjs.org/scheduler/-/scheduler-0.20.2.tgz",
      "integrity": "sha512-2eWfGgAqqWFGqtdMmcL5zCMK1U8KlXv8SQFGglL3CEtd0aDVDWgeF/YoCmvln55m5zSk3J/20hTaSBeSObsQDQ==",
      "peer": true,
      "requires": {
        "loose-envify": "^1.1.0",
        "object-assign": "^4.1.1"
      }
    },
    "tippy.js": {
      "version": "5.2.1",
      "resolved": "https://registry.npmjs.org/tippy.js/-/tippy.js-5.2.1.tgz",
      "integrity": "sha512-66UT6JRVn3dXNCORE+0UvUK3JZqV/VhLlU6HTDm3FmrweUUFUxUGvT8tUQ7ycMp+uhuLAwQw6dBabyC+iKf/MA==",
      "requires": {
        "popper.js": "^1.16.0"
      }
    }
  }
}
