{
  "name": "@hashicorp/react-docs-sidenav",
  "version": "7.0.0",
  "lockfileVersion": 1,
  "requires": true,
  "dependencies": {
    "@hashicorp/react-link-wrap": {
      "version": "2.0.2",
      "resolved": "https://registry.npmjs.org/@hashicorp/react-link-wrap/-/react-link-wrap-2.0.2.tgz",
      "integrity": "sha512-q8s2TTd9Uy3BSYyUe2TTr2Kbc0ViRc7XQga2fZI0bzlFqBTiMXtf6gh2cg3QvimHY42y4YtaO5C109V9ahMUpQ=="
    },
    "fuzzysearch": {
      "version": "1.0.3",
      "resolved": "https://registry.npmjs.org/fuzzysearch/-/fuzzysearch-1.0.3.tgz",
      "integrity": "sha1-3/yA9tawQiPyImqnndGUIxCW0Ag="
    }
  }
}
