{
  "name": "@hashicorp/react-docs-sidenav",
  "version": "5.2.1",
  "lockfileVersion": 1,
  "requires": true,
  "dependencies": {
    "@hashicorp/react-link-wrap": {
      "version": "0.0.3",
      "resolved": "https://registry.npmjs.org/@hashicorp/react-link-wrap/-/react-link-wrap-0.0.3.tgz",
      "integrity": "sha512-BLH7SLMJZee8md+YU7seiOh0zpa7y8sEhEATYpK2ieFanXAQEgU58lNSC/V3ZdkSXrfyplftYuOj0E3APtE1pg==",
      "requires": {
        "is-absolute-url": "^3.0.3"
      }
    },
    "fuzzysearch": {
      "version": "1.0.3",
      "resolved": "https://registry.npmjs.org/fuzzysearch/-/fuzzysearch-1.0.3.tgz",
      "integrity": "sha1-3/yA9tawQiPyImqnndGUIxCW0Ag="
    },
    "is-absolute-url": {
      "version": "3.0.3",
      "resolved": "https://registry.npmjs.org/is-absolute-url/-/is-absolute-url-3.0.3.tgz",
      "integrity": "sha512-opmNIX7uFnS96NtPmhWQgQx6/NYFgsUXYMllcfzwWKUMwfo8kku1TvE6hkNcH+Q1ts5cMVrsY7j0bxXQDciu9Q=="
    }
  }
}
