{
  "name": "@hashicorp/react-docs-sidenav",
  "version": "8.0.1",
  "lockfileVersion": 1,
  "requires": true,
  "dependencies": {
    "fuzzysearch": {
      "version": "1.0.3",
      "resolved": "https://registry.npmjs.org/fuzzysearch/-/fuzzysearch-1.0.3.tgz",
      "integrity": "sha1-3/yA9tawQiPyImqnndGUIxCW0Ag="
    }
  }
}
