{
  "name": "@hashicorp/react-text-split-with-logo-grid",
  "version": "2.0.1",
  "lockfileVersion": 1,
  "requires": true,
  "dependencies": {
    "@hashicorp/mktg-assets": {
      "version": "1.0.0-alpha.3",
      "resolved": "https://registry.npmjs.org/@hashicorp/mktg-assets/-/mktg-assets-1.0.0-alpha.3.tgz",
      "integrity": "sha512-AvRPKxi6bEzjS6U8dZR9FGjPmlqxxTdzPeFZXYTsc8kUGjoY/X9/GXY2zYCpzEpmUdnLzOSJrDl17INPEeL4Pw=="
    },
    "@hashicorp/react-button": {
      "version": "2.2.8",
      "resolved": "https://registry.npmjs.org/@hashicorp/react-button/-/react-button-2.2.8.tgz",
      "integrity": "sha512-dEn1L/q4OEB35ttc/MmfewXm/SWSD8S3lVTum67GHoaQdxxIU5DFI1GzE+7soQJuIkAqoqMk6s5BvBUW966ksQ==",
      "requires": {
        "@hashicorp/react-global-styles": "^4.6.1",
        "@hashicorp/react-inline-svg": "^1.0.2",
        "slugify": "^1.3.6"
      },
      "dependencies": {
        "@hashicorp/react-global-styles": {
          "version": "4.6.1",
          "resolved": "https://registry.npmjs.org/@hashicorp/react-global-styles/-/react-global-styles-4.6.1.tgz",
          "integrity": "sha512-a2eWgjLwGAC2LjUHE7Xt6sRGGjyTWfrc4N+qVxsyZw4eE0EiNhMIKDYHWjmtb+tGh8r8j+ca3tSjsuOUePVPUw=="
        }
      }
    },
    "@hashicorp/react-image": {
      "version": "2.0.4",
      "resolved": "https://registry.npmjs.org/@hashicorp/react-image/-/react-image-2.0.4.tgz",
      "integrity": "sha512-rJCx74lxQE9l9LpFhlxSjQ0yjrzjce5uzEGmMgPvMsNiQtgetjNyeg1p5N8k7xRGYXNapt8uY2kZiE69OyL9cQ==",
      "requires": {
        "object-assign": "^4.1.1",
        "query-string": "5.1.1"
      }
    },
    "@hashicorp/react-inline-svg": {
      "version": "1.0.2",
      "resolved": "https://registry.npmjs.org/@hashicorp/react-inline-svg/-/react-inline-svg-1.0.2.tgz",
      "integrity": "sha512-AAFnBslSTgnEr++dTbMn3sybAqvn7myIj88ijGigF6u11eSRiV64zqEcyYLQKWTV6dF4AvYoxiYC6GSOgiM0Yw=="
    },
    "@hashicorp/react-text-split": {
      "version": "0.4.4",
      "resolved": "https://registry.npmjs.org/@hashicorp/react-text-split/-/react-text-split-0.4.4.tgz",
      "integrity": "sha512-/zrjas4hHNQ+kUQHfUAfq70Tqjowh0+Q7t8oZm6DUtJ3HUI4RA+c/LBNgBkQKLIhUGGejVxXQ2+CibsLNCKqXw==",
      "requires": {
        "@hashicorp/react-button": "^2.2.8",
        "@hashicorp/react-global-styles": "^2.1.11-fonts.0"
      },
      "dependencies": {
        "@hashicorp/react-global-styles": {
          "version": "2.1.11-fonts.0",
          "resolved": "https://registry.npmjs.org/@hashicorp/react-global-styles/-/react-global-styles-2.1.11-fonts.0.tgz",
          "integrity": "sha512-Esy8CYsqTtYsEDWYaS3G8XTOl0HwzvYJZLtmSbcLwxYcK3hntNO4Sfko7y5hLWNNxN8CN0Gm/QujKlMnK7LmnQ=="
        }
      }
    },
    "decode-uri-component": {
      "version": "0.2.0",
      "resolved": "https://registry.npmjs.org/decode-uri-component/-/decode-uri-component-0.2.0.tgz",
      "integrity": "sha1-6zkTMzRYd1y4TNGh+uBiEGu4dUU="
    },
    "object-assign": {
      "version": "4.1.1",
      "resolved": "https://registry.npmjs.org/object-assign/-/object-assign-4.1.1.tgz",
      "integrity": "sha1-IQmtx5ZYh8/AXLvUQsrIv7s2CGM="
    },
    "query-string": {
      "version": "5.1.1",
      "resolved": "https://registry.npmjs.org/query-string/-/query-string-5.1.1.tgz",
      "integrity": "sha512-gjWOsm2SoGlgLEdAGt7a6slVOk9mGiXmPFMqrEhLQ68rhQuBnpfs3+EmlvqKyxnCo9/PPlF+9MtY02S1aFg+Jw==",
      "requires": {
        "decode-uri-component": "^0.2.0",
        "object-assign": "^4.1.0",
        "strict-uri-encode": "^1.0.0"
      }
    },
    "slugify": {
      "version": "1.4.5",
      "resolved": "https://registry.npmjs.org/slugify/-/slugify-1.4.5.tgz",
      "integrity": "sha512-WpECLAgYaxHoEAJ8Q1Lo8HOs1ngn7LN7QjXgOLbmmfkcWvosyk4ZTXkTzKyhngK640USTZUlgoQJfED1kz5fnQ=="
    },
    "strict-uri-encode": {
      "version": "1.1.0",
      "resolved": "https://registry.npmjs.org/strict-uri-encode/-/strict-uri-encode-1.1.0.tgz",
      "integrity": "sha1-J5siXfHVgrH1TmWt3UNS4Y+qBxM="
    }
  }
}
