{
	"name": "@hashicorp/react-product-features-list",
	"version": "2.0.0",
	"lockfileVersion": 1,
	"requires": true,
	"dependencies": {
		"@hashicorp/react-button": {
			"version": "3.0.1",
			"resolved": "https://registry.npmjs.org/@hashicorp/react-button/-/react-button-3.0.1.tgz",
			"integrity": "sha512-kuG6migHYysTH9GZlA9sHFrlgcJrnB46i1UjXUlZ9duVT3P4JzjM57K1sU+LNXlr3qDUENkcABqFhluEGg8TXg==",
			"requires": {
				"@hashicorp/react-inline-svg": "^1.0.0",
				"slugify": "1.3.6"
			}
		},
		"@hashicorp/react-image": {
			"version": "2.0.4",
			"resolved": "https://registry.npmjs.org/@hashicorp/react-image/-/react-image-2.0.4.tgz",
			"integrity": "sha512-rJCx74lxQE9l9LpFhlxSjQ0yjrzjce5uzEGmMgPvMsNiQtgetjNyeg1p5N8k7xRGYXNapt8uY2kZiE69OyL9cQ==",
			"requires": {
				"object-assign": "^4.1.1",
				"query-string": "5.1.1"
			}
		},
		"@hashicorp/react-inline-svg": {
			"version": "1.0.2",
			"resolved": "https://registry.npmjs.org/@hashicorp/react-inline-svg/-/react-inline-svg-1.0.2.tgz",
			"integrity": "sha512-AAFnBslSTgnEr++dTbMn3sybAqvn7myIj88ijGigF6u11eSRiV64zqEcyYLQKWTV6dF4AvYoxiYC6GSOgiM0Yw=="
		},
		"decode-uri-component": {
			"version": "0.2.0",
			"resolved": "https://registry.npmjs.org/decode-uri-component/-/decode-uri-component-0.2.0.tgz",
			"integrity": "sha1-6zkTMzRYd1y4TNGh+uBiEGu4dUU="
		},
		"object-assign": {
			"version": "4.1.1",
			"resolved": "https://registry.npmjs.org/object-assign/-/object-assign-4.1.1.tgz",
			"integrity": "sha1-IQmtx5ZYh8/AXLvUQsrIv7s2CGM="
		},
		"query-string": {
			"version": "5.1.1",
			"resolved": "https://registry.npmjs.org/query-string/-/query-string-5.1.1.tgz",
			"integrity": "sha512-gjWOsm2SoGlgLEdAGt7a6slVOk9mGiXmPFMqrEhLQ68rhQuBnpfs3+EmlvqKyxnCo9/PPlF+9MtY02S1aFg+Jw==",
			"requires": {
				"decode-uri-component": "^0.2.0",
				"object-assign": "^4.1.0",
				"strict-uri-encode": "^1.0.0"
			}
		},
		"slugify": {
			"version": "1.3.6",
			"resolved": "https://registry.npmjs.org/slugify/-/slugify-1.3.6.tgz",
			"integrity": "sha512-wA9XS475ZmGNlEnYYLPReSfuz/c3VQsEMoU43mi6OnKMCdbnFXd4/Yg7J0lBv8jkPolacMpOrWEaoYxuE1+hoQ=="
		},
		"strict-uri-encode": {
			"version": "1.1.0",
			"resolved": "https://registry.npmjs.org/strict-uri-encode/-/strict-uri-encode-1.1.0.tgz",
			"integrity": "sha1-J5siXfHVgrH1TmWt3UNS4Y+qBxM="
		}
	}
}
