{
  "name": "@hashicorp/react-tabs",
  "version": "6.1.1",
  "lockfileVersion": 2,
  "requires": true,
  "packages": {
    "": {
      "name": "@hashicorp/react-tabs",
      "version": "6.1.1",
      "license": "MPL-2.0",
      "dependencies": {
        "@hashicorp/react-inline-svg": "^6.0.1",
        "@reach/portal": "^0.16.0",
        "@reach/tooltip": "^0.16.0",
        "classnames": "^2.3.1"
      },
      "peerDependencies": {
        "@hashicorp/mktg-global-styles": ">=3.x",
        "react": ">=16.x"
      }
    },
    "node_modules/@hashicorp/mktg-global-styles": {
      "version": "4.0.0",
      "resolved": "https://registry.npmjs.org/@hashicorp/mktg-global-styles/-/mktg-global-styles-4.0.0.tgz",
      "integrity": "sha512-5B0/AUCtqTeGoDR9a5FmkRAC5ubBSN2DQEtDHFy7eOSxXqETRfvMRjHa4Gfv1shfb0PNMufDWKfaDalhuHJ+jA==",
      "peer": true
    },
    "node_modules/@hashicorp/react-inline-svg": {
      "version": "6.0.3",
      "resolved": "https://registry.npmjs.org/@hashicorp/react-inline-svg/-/react-inline-svg-6.0.3.tgz",
      "integrity": "sha512-BKLhVFc0gIRxyd2QZ5KWSAXDyyiOI+dQ4U4HrgAA3f4/JmpOsF/EgQ6Ro+cmNZy1/cn42OM2iqoEvUqYvW+ZfQ==",
      "peerDependencies": {
        "@hashicorp/mktg-global-styles": ">=3.x",
        "react": ">=16.x"
      }
    },
    "node_modules/@reach/auto-id": {
      "version": "0.16.0",
      "resolved": "https://registry.npmjs.org/@reach/auto-id/-/auto-id-0.16.0.tgz",
      "integrity": "sha512-5ssbeP5bCkM39uVsfQCwBBL+KT8YColdnMN5/Eto6Rj7929ql95R3HZUOkKIvj7mgPtEb60BLQxd1P3o6cjbmg==",
      "dependencies": {
        "@reach/utils": "0.16.0",
        "tslib": "^2.3.0"
      },
      "peerDependencies": {
        "react": "^16.8.0 || 17.x",
        "react-dom": "^16.8.0 || 17.x"
      }
    },
    "node_modules/@reach/observe-rect": {
      "version": "1.2.0",
      "resolved": "https://registry.npmjs.org/@reach/observe-rect/-/observe-rect-1.2.0.tgz",
      "integrity": "sha512-Ba7HmkFgfQxZqqaeIWWkNK0rEhpxVQHIoVyW1YDSkGsGIXzcaW4deC8B0pZrNSSyLTdIk7y+5olKt5+g0GmFIQ=="
    },
    "node_modules/@reach/portal": {
      "version": "0.16.0",
      "resolved": "https://registry.npmjs.org/@reach/portal/-/portal-0.16.0.tgz",
      "integrity": "sha512-vXJ0O9T+72HiSEWHPs2cx7YbSO7pQsTMhgqPc5aaddIYpo2clJx1PnYuS0lSNlVaDO0IxQhwYq43evXaXnmviw==",
      "dependencies": {
        "@reach/utils": "0.16.0",
        "tslib": "^2.3.0"
      },
      "peerDependencies": {
        "react": "^16.8.0 || 17.x",
        "react-dom": "^16.8.0 || 17.x"
      }
    },
    "node_modules/@reach/rect": {
      "version": "0.16.0",
      "resolved": "https://registry.npmjs.org/@reach/rect/-/rect-0.16.0.tgz",
      "integrity": "sha512-/qO9jQDzpOCdrSxVPR6l674mRHNTqfEjkaxZHluwJ/2qGUtYsA0GSZiF/+wX/yOWeBif1ycxJDa6HusAMJZC5Q==",
      "dependencies": {
        "@reach/observe-rect": "1.2.0",
        "@reach/utils": "0.16.0",
        "prop-types": "^15.7.2",
        "tiny-warning": "^1.0.3",
        "tslib": "^2.3.0"
      },
      "peerDependencies": {
        "react": "^16.8.0 || 17.x",
        "react-dom": "^16.8.0 || 17.x"
      }
    },
    "node_modules/@reach/tooltip": {
      "version": "0.16.0",
      "resolved": "https://registry.npmjs.org/@reach/tooltip/-/tooltip-0.16.0.tgz",
      "integrity": "sha512-kZr/OqfmmBQVBxJh+OQRCq++T5f6iQaWinpLnwD5FlG5HRKPwNzTnsy+hpyY9pR2mabk+96POp/TsT4Dv3K/qQ==",
      "dependencies": {
        "@reach/auto-id": "0.16.0",
        "@reach/portal": "0.16.0",
        "@reach/rect": "0.16.0",
        "@reach/utils": "0.16.0",
        "@reach/visually-hidden": "0.16.0",
        "prop-types": "^15.7.2",
        "tiny-warning": "^1.0.3",
        "tslib": "^2.3.0"
      },
      "peerDependencies": {
        "react": "^16.8.0 || 17.x",
        "react-dom": "^16.8.0 || 17.x"
      }
    },
    "node_modules/@reach/utils": {
      "version": "0.16.0",
      "resolved": "https://registry.npmjs.org/@reach/utils/-/utils-0.16.0.tgz",
      "integrity": "sha512-PCggBet3qaQmwFNcmQ/GqHSefadAFyNCUekq9RrWoaU9hh/S4iaFgf2MBMdM47eQj5i/Bk0Mm07cP/XPFlkN+Q==",
      "dependencies": {
        "tiny-warning": "^1.0.3",
        "tslib": "^2.3.0"
      },
      "peerDependencies": {
        "react": "^16.8.0 || 17.x",
        "react-dom": "^16.8.0 || 17.x"
      }
    },
    "node_modules/@reach/visually-hidden": {
      "version": "0.16.0",
      "resolved": "https://registry.npmjs.org/@reach/visually-hidden/-/visually-hidden-0.16.0.tgz",
      "integrity": "sha512-IIayZ3jzJtI5KfcfRVtOMFkw2ef/1dMT8D9BUuFcU2ORZAWLNvnzj1oXNoIfABKl5wtsLjY6SGmkYQ+tMPN8TA==",
      "dependencies": {
        "prop-types": "^15.7.2",
        "tslib": "^2.3.0"
      },
      "peerDependencies": {
        "react": "^16.8.0 || 17.x",
        "react-dom": "^16.8.0 || 17.x"
      }
    },
    "node_modules/classnames": {
      "version": "2.3.1",
      "resolved": "https://registry.npmjs.org/classnames/-/classnames-2.3.1.tgz",
      "integrity": "sha512-OlQdbZ7gLfGarSqxesMesDa5uz7KFbID8Kpq/SxIoNGDqY8lSYs0D+hhtBXhcdB3rcbXArFr7vlHheLk1voeNA=="
    },
    "node_modules/js-tokens": {
      "version": "4.0.0",
      "resolved": "https://registry.npmjs.org/js-tokens/-/js-tokens-4.0.0.tgz",
      "integrity": "sha512-RdJUflcE3cUzKiMqQgsCu06FPu9UdIJO0beYbPhHN4k6apgJtifcoCtT9bcxOpYBtpD2kCM6Sbzg4CausW/PKQ=="
    },
    "node_modules/loose-envify": {
      "version": "1.4.0",
      "resolved": "https://registry.npmjs.org/loose-envify/-/loose-envify-1.4.0.tgz",
      "integrity": "sha512-lyuxPGr/Wfhrlem2CL/UcnUc1zcqKAImBDzukY7Y5F/yQiNdko6+fRLevlw1HgMySw7f611UIY408EtxRSoK3Q==",
      "dependencies": {
        "js-tokens": "^3.0.0 || ^4.0.0"
      },
      "bin": {
        "loose-envify": "cli.js"
      }
    },
    "node_modules/object-assign": {
      "version": "4.1.1",
      "resolved": "https://registry.npmjs.org/object-assign/-/object-assign-4.1.1.tgz",
      "integrity": "sha1-IQmtx5ZYh8/AXLvUQsrIv7s2CGM=",
      "engines": {
        "node": ">=0.10.0"
      }
    },
    "node_modules/prop-types": {
      "version": "15.7.2",
      "resolved": "https://registry.npmjs.org/prop-types/-/prop-types-15.7.2.tgz",
      "integrity": "sha512-8QQikdH7//R2vurIJSutZ1smHYTcLpRWEOlHnzcWHmBYrOGUysKwSsrC89BCiFj3CbrfJ/nXFdJepOVrY1GCHQ==",
      "dependencies": {
        "loose-envify": "^1.4.0",
        "object-assign": "^4.1.1",
        "react-is": "^16.8.1"
      }
    },
    "node_modules/react": {
      "version": "17.0.2",
      "resolved": "https://registry.npmjs.org/react/-/react-17.0.2.tgz",
      "integrity": "sha512-gnhPt75i/dq/z3/6q/0asP78D0u592D5L1pd7M8P+dck6Fu/jJeL6iVVK23fptSUZj8Vjf++7wXA8UNclGQcbA==",
      "peer": true,
      "dependencies": {
        "loose-envify": "^1.1.0",
        "object-assign": "^4.1.1"
      },
      "engines": {
        "node": ">=0.10.0"
      }
    },
    "node_modules/react-dom": {
      "version": "17.0.2",
      "resolved": "https://registry.npmjs.org/react-dom/-/react-dom-17.0.2.tgz",
      "integrity": "sha512-s4h96KtLDUQlsENhMn1ar8t2bEa+q/YAtj8pPPdIjPDGBDIVNsrD9aXNWqspUe6AzKCIG0C1HZZLqLV7qpOBGA==",
      "peer": true,
      "dependencies": {
        "loose-envify": "^1.1.0",
        "object-assign": "^4.1.1",
        "scheduler": "^0.20.2"
      },
      "peerDependencies": {
        "react": "17.0.2"
      }
    },
    "node_modules/react-is": {
      "version": "16.13.1",
      "resolved": "https://registry.npmjs.org/react-is/-/react-is-16.13.1.tgz",
      "integrity": "sha512-24e6ynE2H+OKt4kqsOvNd8kBpV65zoxbA4BVsEOB3ARVWQki/DHzaUoC5KuON/BiccDaCCTZBuOcfZs70kR8bQ=="
    },
    "node_modules/scheduler": {
      "version": "0.20.2",
      "resolved": "https://registry.npmjs.org/scheduler/-/scheduler-0.20.2.tgz",
      "integrity": "sha512-2eWfGgAqqWFGqtdMmcL5zCMK1U8KlXv8SQFGglL3CEtd0aDVDWgeF/YoCmvln55m5zSk3J/20hTaSBeSObsQDQ==",
      "peer": true,
      "dependencies": {
        "loose-envify": "^1.1.0",
        "object-assign": "^4.1.1"
      }
    },
    "node_modules/tiny-warning": {
      "version": "1.0.3",
      "resolved": "https://registry.npmjs.org/tiny-warning/-/tiny-warning-1.0.3.tgz",
      "integrity": "sha512-lBN9zLN/oAf68o3zNXYrdCt1kP8WsiGW8Oo2ka41b2IM5JL/S1CTyX1rW0mb/zSuJun0ZUrDxx4sqvYS2FWzPA=="
    },
    "node_modules/tslib": {
      "version": "2.3.1",
      "resolved": "https://registry.npmjs.org/tslib/-/tslib-2.3.1.tgz",
      "integrity": "sha512-77EbyPPpMz+FRFRuAFlWMtmgUWGe9UOG2Z25NqCwiIjRhOf5iKGuzSe5P2w1laq+FkRy4p+PCuVkJSGkzTEKVw=="
    }
  },
  "dependencies": {
    "@hashicorp/mktg-global-styles": {
      "version": "4.0.0",
      "resolved": "https://registry.npmjs.org/@hashicorp/mktg-global-styles/-/mktg-global-styles-4.0.0.tgz",
      "integrity": "sha512-5B0/AUCtqTeGoDR9a5FmkRAC5ubBSN2DQEtDHFy7eOSxXqETRfvMRjHa4Gfv1shfb0PNMufDWKfaDalhuHJ+jA==",
      "peer": true
    },
    "@hashicorp/react-inline-svg": {
      "version": "6.0.3",
      "resolved": "https://registry.npmjs.org/@hashicorp/react-inline-svg/-/react-inline-svg-6.0.3.tgz",
      "integrity": "sha512-BKLhVFc0gIRxyd2QZ5KWSAXDyyiOI+dQ4U4HrgAA3f4/JmpOsF/EgQ6Ro+cmNZy1/cn42OM2iqoEvUqYvW+ZfQ==",
      "requires": {}
    },
    "@reach/auto-id": {
      "version": "0.16.0",
      "resolved": "https://registry.npmjs.org/@reach/auto-id/-/auto-id-0.16.0.tgz",
      "integrity": "sha512-5ssbeP5bCkM39uVsfQCwBBL+KT8YColdnMN5/Eto6Rj7929ql95R3HZUOkKIvj7mgPtEb60BLQxd1P3o6cjbmg==",
      "requires": {
        "@reach/utils": "0.16.0",
        "tslib": "^2.3.0"
      }
    },
    "@reach/observe-rect": {
      "version": "1.2.0",
      "resolved": "https://registry.npmjs.org/@reach/observe-rect/-/observe-rect-1.2.0.tgz",
      "integrity": "sha512-Ba7HmkFgfQxZqqaeIWWkNK0rEhpxVQHIoVyW1YDSkGsGIXzcaW4deC8B0pZrNSSyLTdIk7y+5olKt5+g0GmFIQ=="
    },
    "@reach/portal": {
      "version": "0.16.0",
      "resolved": "https://registry.npmjs.org/@reach/portal/-/portal-0.16.0.tgz",
      "integrity": "sha512-vXJ0O9T+72HiSEWHPs2cx7YbSO7pQsTMhgqPc5aaddIYpo2clJx1PnYuS0lSNlVaDO0IxQhwYq43evXaXnmviw==",
      "requires": {
        "@reach/utils": "0.16.0",
        "tslib": "^2.3.0"
      }
    },
    "@reach/rect": {
      "version": "0.16.0",
      "resolved": "https://registry.npmjs.org/@reach/rect/-/rect-0.16.0.tgz",
      "integrity": "sha512-/qO9jQDzpOCdrSxVPR6l674mRHNTqfEjkaxZHluwJ/2qGUtYsA0GSZiF/+wX/yOWeBif1ycxJDa6HusAMJZC5Q==",
      "requires": {
        "@reach/observe-rect": "1.2.0",
        "@reach/utils": "0.16.0",
        "prop-types": "^15.7.2",
        "tiny-warning": "^1.0.3",
        "tslib": "^2.3.0"
      }
    },
    "@reach/tooltip": {
      "version": "0.16.0",
      "resolved": "https://registry.npmjs.org/@reach/tooltip/-/tooltip-0.16.0.tgz",
      "integrity": "sha512-kZr/OqfmmBQVBxJh+OQRCq++T5f6iQaWinpLnwD5FlG5HRKPwNzTnsy+hpyY9pR2mabk+96POp/TsT4Dv3K/qQ==",
      "requires": {
        "@reach/auto-id": "0.16.0",
        "@reach/portal": "0.16.0",
        "@reach/rect": "0.16.0",
        "@reach/utils": "0.16.0",
        "@reach/visually-hidden": "0.16.0",
        "prop-types": "^15.7.2",
        "tiny-warning": "^1.0.3",
        "tslib": "^2.3.0"
      }
    },
    "@reach/utils": {
      "version": "0.16.0",
      "resolved": "https://registry.npmjs.org/@reach/utils/-/utils-0.16.0.tgz",
      "integrity": "sha512-PCggBet3qaQmwFNcmQ/GqHSefadAFyNCUekq9RrWoaU9hh/S4iaFgf2MBMdM47eQj5i/Bk0Mm07cP/XPFlkN+Q==",
      "requires": {
        "tiny-warning": "^1.0.3",
        "tslib": "^2.3.0"
      }
    },
    "@reach/visually-hidden": {
      "version": "0.16.0",
      "resolved": "https://registry.npmjs.org/@reach/visually-hidden/-/visually-hidden-0.16.0.tgz",
      "integrity": "sha512-IIayZ3jzJtI5KfcfRVtOMFkw2ef/1dMT8D9BUuFcU2ORZAWLNvnzj1oXNoIfABKl5wtsLjY6SGmkYQ+tMPN8TA==",
      "requires": {
        "prop-types": "^15.7.2",
        "tslib": "^2.3.0"
      }
    },
    "classnames": {
      "version": "2.3.1",
      "resolved": "https://registry.npmjs.org/classnames/-/classnames-2.3.1.tgz",
      "integrity": "sha512-OlQdbZ7gLfGarSqxesMesDa5uz7KFbID8Kpq/SxIoNGDqY8lSYs0D+hhtBXhcdB3rcbXArFr7vlHheLk1voeNA=="
    },
    "js-tokens": {
      "version": "4.0.0",
      "resolved": "https://registry.npmjs.org/js-tokens/-/js-tokens-4.0.0.tgz",
      "integrity": "sha512-RdJUflcE3cUzKiMqQgsCu06FPu9UdIJO0beYbPhHN4k6apgJtifcoCtT9bcxOpYBtpD2kCM6Sbzg4CausW/PKQ=="
    },
    "loose-envify": {
      "version": "1.4.0",
      "resolved": "https://registry.npmjs.org/loose-envify/-/loose-envify-1.4.0.tgz",
      "integrity": "sha512-lyuxPGr/Wfhrlem2CL/UcnUc1zcqKAImBDzukY7Y5F/yQiNdko6+fRLevlw1HgMySw7f611UIY408EtxRSoK3Q==",
      "requires": {
        "js-tokens": "^3.0.0 || ^4.0.0"
      }
    },
    "object-assign": {
      "version": "4.1.1",
      "resolved": "https://registry.npmjs.org/object-assign/-/object-assign-4.1.1.tgz",
      "integrity": "sha1-IQmtx5ZYh8/AXLvUQsrIv7s2CGM="
    },
    "prop-types": {
      "version": "15.7.2",
      "resolved": "https://registry.npmjs.org/prop-types/-/prop-types-15.7.2.tgz",
      "integrity": "sha512-8QQikdH7//R2vurIJSutZ1smHYTcLpRWEOlHnzcWHmBYrOGUysKwSsrC89BCiFj3CbrfJ/nXFdJepOVrY1GCHQ==",
      "requires": {
        "loose-envify": "^1.4.0",
        "object-assign": "^4.1.1",
        "react-is": "^16.8.1"
      }
    },
    "react": {
      "version": "17.0.2",
      "resolved": "https://registry.npmjs.org/react/-/react-17.0.2.tgz",
      "integrity": "sha512-gnhPt75i/dq/z3/6q/0asP78D0u592D5L1pd7M8P+dck6Fu/jJeL6iVVK23fptSUZj8Vjf++7wXA8UNclGQcbA==",
      "peer": true,
      "requires": {
        "loose-envify": "^1.1.0",
        "object-assign": "^4.1.1"
      }
    },
    "react-dom": {
      "version": "17.0.2",
      "resolved": "https://registry.npmjs.org/react-dom/-/react-dom-17.0.2.tgz",
      "integrity": "sha512-s4h96KtLDUQlsENhMn1ar8t2bEa+q/YAtj8pPPdIjPDGBDIVNsrD9aXNWqspUe6AzKCIG0C1HZZLqLV7qpOBGA==",
      "peer": true,
      "requires": {
        "loose-envify": "^1.1.0",
        "object-assign": "^4.1.1",
        "scheduler": "^0.20.2"
      }
    },
    "react-is": {
      "version": "16.13.1",
      "resolved": "https://registry.npmjs.org/react-is/-/react-is-16.13.1.tgz",
      "integrity": "sha512-24e6ynE2H+OKt4kqsOvNd8kBpV65zoxbA4BVsEOB3ARVWQki/DHzaUoC5KuON/BiccDaCCTZBuOcfZs70kR8bQ=="
    },
    "scheduler": {
      "version": "0.20.2",
      "resolved": "https://registry.npmjs.org/scheduler/-/scheduler-0.20.2.tgz",
      "integrity": "sha512-2eWfGgAqqWFGqtdMmcL5zCMK1U8KlXv8SQFGglL3CEtd0aDVDWgeF/YoCmvln55m5zSk3J/20hTaSBeSObsQDQ==",
      "peer": true,
      "requires": {
        "loose-envify": "^1.1.0",
        "object-assign": "^4.1.1"
      }
    },
    "tiny-warning": {
      "version": "1.0.3",
      "resolved": "https://registry.npmjs.org/tiny-warning/-/tiny-warning-1.0.3.tgz",
      "integrity": "sha512-lBN9zLN/oAf68o3zNXYrdCt1kP8WsiGW8Oo2ka41b2IM5JL/S1CTyX1rW0mb/zSuJun0ZUrDxx4sqvYS2FWzPA=="
    },
    "tslib": {
      "version": "2.3.1",
      "resolved": "https://registry.npmjs.org/tslib/-/tslib-2.3.1.tgz",
      "integrity": "sha512-77EbyPPpMz+FRFRuAFlWMtmgUWGe9UOG2Z25NqCwiIjRhOf5iKGuzSe5P2w1laq+FkRy4p+PCuVkJSGkzTEKVw=="
    }
  }
}
