{
	"name": "@hashicorp/react-docs-page",
	"version": "6.2.0",
	"lockfileVersion": 1,
	"requires": true,
	"dependencies": {
		"@hashicorp/react-content": {
			"version": "5.1.0",
			"resolved": "https://registry.npmjs.org/@hashicorp/react-content/-/react-content-5.1.0.tgz",
			"integrity": "sha512-9odUq0SSxvQbCTGnqKQe9GWenBee4Wnp3RwjDNHLKZa/NULRD4PqkIskeIJbVqTvNqqUuR5xfq/VBGXMYyBRnw=="
		},
		"@hashicorp/react-docs-sidenav": {
			"version": "5.1.0",
			"resolved": "https://registry.npmjs.org/@hashicorp/react-docs-sidenav/-/react-docs-sidenav-5.1.0.tgz",
			"integrity": "sha512-JnIV2tDLxlTJtrwFMAoKKloIJi/xclNSr37sTZTTAdiHM/m0ko+TcsB7gb1ISZlRoIpMOvM6YQHn5M+Niii4bA==",
			"requires": {
				"@hashicorp/react-link-wrap": "^0.0.3",
				"fuzzysearch": "1.0.3"
			}
		},
		"@hashicorp/react-head": {
			"version": "1.1.3",
			"resolved": "https://registry.npmjs.org/@hashicorp/react-head/-/react-head-1.1.3.tgz",
			"integrity": "sha512-66Iz5cmHLEh7m0mWCbCiG3t+LM6RJaX7M72FQDyWWbUHm24WheDTpII4KYTpLgK9HM+UlaHW2pqFAwBzfAboCA=="
		},
		"@hashicorp/react-inline-svg": {
			"version": "1.0.2",
			"resolved": "https://registry.npmjs.org/@hashicorp/react-inline-svg/-/react-inline-svg-1.0.2.tgz",
			"integrity": "sha512-AAFnBslSTgnEr++dTbMn3sybAqvn7myIj88ijGigF6u11eSRiV64zqEcyYLQKWTV6dF4AvYoxiYC6GSOgiM0Yw=="
		},
		"@hashicorp/react-link-wrap": {
			"version": "0.0.3",
			"resolved": "https://registry.npmjs.org/@hashicorp/react-link-wrap/-/react-link-wrap-0.0.3.tgz",
			"integrity": "sha512-BLH7SLMJZee8md+YU7seiOh0zpa7y8sEhEATYpK2ieFanXAQEgU58lNSC/V3ZdkSXrfyplftYuOj0E3APtE1pg==",
			"requires": {
				"is-absolute-url": "^3.0.3"
			}
		},
		"fuzzysearch": {
			"version": "1.0.3",
			"resolved": "https://registry.npmjs.org/fuzzysearch/-/fuzzysearch-1.0.3.tgz",
			"integrity": "sha1-3/yA9tawQiPyImqnndGUIxCW0Ag="
		},
		"is-absolute-url": {
			"version": "3.0.3",
			"resolved": "https://registry.npmjs.org/is-absolute-url/-/is-absolute-url-3.0.3.tgz",
			"integrity": "sha512-opmNIX7uFnS96NtPmhWQgQx6/NYFgsUXYMllcfzwWKUMwfo8kku1TvE6hkNcH+Q1ts5cMVrsY7j0bxXQDciu9Q=="
		}
	}
}
