{
  "name": "@hashicorp/react-split-rich-cta-list",
  "version": "1.0.2",
  "lockfileVersion": 1,
  "requires": true,
  "dependencies": {
    "@hashicorp/react-inline-svg": {
      "version": "1.0.2",
      "resolved": "https://registry.npmjs.org/@hashicorp/react-inline-svg/-/react-inline-svg-1.0.2.tgz",
      "integrity": "sha512-AAFnBslSTgnEr++dTbMn3sybAqvn7myIj88ijGigF6u11eSRiV64zqEcyYLQKWTV6dF4AvYoxiYC6GSOgiM0Yw=="
    },
    "classnames": {
      "version": "2.2.6",
      "resolved": "https://registry.npmjs.org/classnames/-/classnames-2.2.6.tgz",
      "integrity": "sha512-JR/iSQOSt+LQIWwrwEzJ9uk0xfN3mTVYMwt1Ir5mUcSN6pU+V4zQFFaJsclJbPuAUQH+yfWef6tm7l1quW3C8Q=="
    }
  }
}
