{
  "name": "@hashicorp/react-vertical-text-block-list",
  "version": "3.0.0",
  "lockfileVersion": 1,
  "requires": true,
  "dependencies": {
    "@hashicorp/react-image": {
      "version": "2.0.4",
      "resolved": "https://registry.npmjs.org/@hashicorp/react-image/-/react-image-2.0.4.tgz",
      "integrity": "sha512-rJCx74lxQE9l9LpFhlxSjQ0yjrzjce5uzEGmMgPvMsNiQtgetjNyeg1p5N8k7xRGYXNapt8uY2kZiE69OyL9cQ==",
      "requires": {
        "object-assign": "^4.1.1",
        "query-string": "5.1.1"
      }
    },
    "@hashicorp/react-link-wrap": {
      "version": "0.0.3",
      "resolved": "https://registry.npmjs.org/@hashicorp/react-link-wrap/-/react-link-wrap-0.0.3.tgz",
      "integrity": "sha512-BLH7SLMJZee8md+YU7seiOh0zpa7y8sEhEATYpK2ieFanXAQEgU58lNSC/V3ZdkSXrfyplftYuOj0E3APtE1pg==",
      "requires": {
        "is-absolute-url": "^3.0.3"
      }
    },
    "decode-uri-component": {
      "version": "0.2.0",
      "resolved": "https://registry.npmjs.org/decode-uri-component/-/decode-uri-component-0.2.0.tgz",
      "integrity": "sha1-6zkTMzRYd1y4TNGh+uBiEGu4dUU="
    },
    "is-absolute-url": {
      "version": "3.0.3",
      "resolved": "https://registry.npmjs.org/is-absolute-url/-/is-absolute-url-3.0.3.tgz",
      "integrity": "sha512-opmNIX7uFnS96NtPmhWQgQx6/NYFgsUXYMllcfzwWKUMwfo8kku1TvE6hkNcH+Q1ts5cMVrsY7j0bxXQDciu9Q=="
    },
    "marked": {
      "version": "0.7.0",
      "resolved": "https://registry.npmjs.org/marked/-/marked-0.7.0.tgz",
      "integrity": "sha512-c+yYdCZJQrsRjTPhUx7VKkApw9bwDkNbHUKo1ovgcfDjb2kc8rLuRbIFyXL5WOEUwzSSKo3IXpph2K6DqB/KZg=="
    },
    "object-assign": {
      "version": "4.1.1",
      "resolved": "https://registry.npmjs.org/object-assign/-/object-assign-4.1.1.tgz",
      "integrity": "sha1-IQmtx5ZYh8/AXLvUQsrIv7s2CGM="
    },
    "query-string": {
      "version": "5.1.1",
      "resolved": "https://registry.npmjs.org/query-string/-/query-string-5.1.1.tgz",
      "integrity": "sha512-gjWOsm2SoGlgLEdAGt7a6slVOk9mGiXmPFMqrEhLQ68rhQuBnpfs3+EmlvqKyxnCo9/PPlF+9MtY02S1aFg+Jw==",
      "requires": {
        "decode-uri-component": "^0.2.0",
        "object-assign": "^4.1.0",
        "strict-uri-encode": "^1.0.0"
      }
    },
    "strict-uri-encode": {
      "version": "1.1.0",
      "resolved": "https://registry.npmjs.org/strict-uri-encode/-/strict-uri-encode-1.1.0.tgz",
      "integrity": "sha1-J5siXfHVgrH1TmWt3UNS4Y+qBxM="
    }
  }
}
