{
  "name": "@hashicorp/react-product-downloader",
  "version": "6.1.0",
  "lockfileVersion": 1,
  "requires": true,
  "dependencies": {
    "@hashicorp/react-button": {
      "version": "2.2.8",
      "resolved": "https://registry.npmjs.org/@hashicorp/react-button/-/react-button-2.2.8.tgz",
      "integrity": "sha512-dEn1L/q4OEB35ttc/MmfewXm/SWSD8S3lVTum67GHoaQdxxIU5DFI1GzE+7soQJuIkAqoqMk6s5BvBUW966ksQ==",
      "requires": {
        "@hashicorp/react-global-styles": "^4.6.1",
        "@hashicorp/react-inline-svg": "^1.0.2",
        "slugify": "^1.3.6"
      }
    },
    "@hashicorp/react-global-styles": {
      "version": "4.6.1",
      "resolved": "https://registry.npmjs.org/@hashicorp/react-global-styles/-/react-global-styles-4.6.1.tgz",
      "integrity": "sha512-a2eWgjLwGAC2LjUHE7Xt6sRGGjyTWfrc4N+qVxsyZw4eE0EiNhMIKDYHWjmtb+tGh8r8j+ca3tSjsuOUePVPUw=="
    },
    "@hashicorp/react-inline-svg": {
      "version": "1.0.2",
      "resolved": "https://registry.npmjs.org/@hashicorp/react-inline-svg/-/react-inline-svg-1.0.2.tgz",
      "integrity": "sha512-AAFnBslSTgnEr++dTbMn3sybAqvn7myIj88ijGigF6u11eSRiV64zqEcyYLQKWTV6dF4AvYoxiYC6GSOgiM0Yw=="
    },
    "@hashicorp/react-tabs": {
      "version": "1.0.0",
      "resolved": "https://registry.npmjs.org/@hashicorp/react-tabs/-/react-tabs-1.0.0.tgz",
      "integrity": "sha512-o3pYDnEpZGWEviNKN3M/v1rCDn7ZP304oaP7pCNJthHxxDIzjlV0XdmVZLWCkXTxO+d2OHtQ/K5Y6nLvzlygGw==",
      "requires": {
        "@hashicorp/react-global-styles": "^4.5.0",
        "@hashicorp/react-inline-svg": "^1.0.2",
        "@tippy.js/react": "^3.1.1"
      }
    },
    "@tippy.js/react": {
      "version": "3.1.1",
      "resolved": "https://registry.npmjs.org/@tippy.js/react/-/react-3.1.1.tgz",
      "integrity": "sha512-KF45vW/jKh/nBXk/2zzTFslv/T46zOMkIoDJ56ymZ+M00yHttk58J5wZ29oqGqDIUnobWSZD+cFpbR4u/UUvgw==",
      "requires": {
        "prop-types": "^15.6.2",
        "tippy.js": "^5.1.1"
      }
    },
    "js-tokens": {
      "version": "4.0.0",
      "resolved": "https://registry.npmjs.org/js-tokens/-/js-tokens-4.0.0.tgz",
      "integrity": "sha512-RdJUflcE3cUzKiMqQgsCu06FPu9UdIJO0beYbPhHN4k6apgJtifcoCtT9bcxOpYBtpD2kCM6Sbzg4CausW/PKQ=="
    },
    "loose-envify": {
      "version": "1.4.0",
      "resolved": "https://registry.npmjs.org/loose-envify/-/loose-envify-1.4.0.tgz",
      "integrity": "sha512-lyuxPGr/Wfhrlem2CL/UcnUc1zcqKAImBDzukY7Y5F/yQiNdko6+fRLevlw1HgMySw7f611UIY408EtxRSoK3Q==",
      "requires": {
        "js-tokens": "^3.0.0 || ^4.0.0"
      }
    },
    "object-assign": {
      "version": "4.1.1",
      "resolved": "https://registry.npmjs.org/object-assign/-/object-assign-4.1.1.tgz",
      "integrity": "sha1-IQmtx5ZYh8/AXLvUQsrIv7s2CGM="
    },
    "popper.js": {
      "version": "1.16.1",
      "resolved": "https://registry.npmjs.org/popper.js/-/popper.js-1.16.1.tgz",
      "integrity": "sha512-Wb4p1J4zyFTbM+u6WuO4XstYx4Ky9Cewe4DWrel7B0w6VVICvPwdOpotjzcf6eD8TsckVnIMNONQyPIUFOUbCQ=="
    },
    "prop-types": {
      "version": "15.7.2",
      "resolved": "https://registry.npmjs.org/prop-types/-/prop-types-15.7.2.tgz",
      "integrity": "sha512-8QQikdH7//R2vurIJSutZ1smHYTcLpRWEOlHnzcWHmBYrOGUysKwSsrC89BCiFj3CbrfJ/nXFdJepOVrY1GCHQ==",
      "requires": {
        "loose-envify": "^1.4.0",
        "object-assign": "^4.1.1",
        "react-is": "^16.8.1"
      }
    },
    "react-is": {
      "version": "16.13.1",
      "resolved": "https://registry.npmjs.org/react-is/-/react-is-16.13.1.tgz",
      "integrity": "sha512-24e6ynE2H+OKt4kqsOvNd8kBpV65zoxbA4BVsEOB3ARVWQki/DHzaUoC5KuON/BiccDaCCTZBuOcfZs70kR8bQ=="
    },
    "semver": {
      "version": "7.3.2",
      "resolved": "https://registry.npmjs.org/semver/-/semver-7.3.2.tgz",
      "integrity": "sha512-OrOb32TeeambH6UrhtShmF7CRDqhL6/5XpPNp2DuRH6+9QLw/orhp72j87v8Qa1ScDkvrrBNpZcDejAirJmfXQ=="
    },
    "slugify": {
      "version": "1.4.5",
      "resolved": "https://registry.npmjs.org/slugify/-/slugify-1.4.5.tgz",
      "integrity": "sha512-WpECLAgYaxHoEAJ8Q1Lo8HOs1ngn7LN7QjXgOLbmmfkcWvosyk4ZTXkTzKyhngK640USTZUlgoQJfED1kz5fnQ=="
    },
    "tippy.js": {
      "version": "5.2.1",
      "resolved": "https://registry.npmjs.org/tippy.js/-/tippy.js-5.2.1.tgz",
      "integrity": "sha512-66UT6JRVn3dXNCORE+0UvUK3JZqV/VhLlU6HTDm3FmrweUUFUxUGvT8tUQ7ycMp+uhuLAwQw6dBabyC+iKf/MA==",
      "requires": {
        "popper.js": "^1.16.0"
      }
    }
  }
}
