{
  "name": "@hashicorp/react-text-splits",
  "version": "1.0.7",
  "lockfileVersion": 1,
  "requires": true,
  "dependencies": {
    "@hashicorp/react-text-split-with-code": {
      "version": "2.0.3",
      "requires": {
        "@hashicorp/react-code-block": "^3.0.2",
        "@hashicorp/react-global-styles": "^4.5.0",
        "@hashicorp/react-text-split": "^1.2.0"
      },
      "dependencies": {
        "@hashicorp/react-code-block": {
          "version": "3.0.2",
          "requires": {
            "@hashicorp/react-inline-svg": "^5.0.0",
            "shellwords": "^0.1.1"
          },
          "dependencies": {
            "@hashicorp/react-inline-svg": {
              "version": "5.0.0"
            },
            "shellwords": {
              "version": "0.1.1",
              "resolved": "https://registry.npmjs.org/shellwords/-/shellwords-0.1.1.tgz",
              "integrity": "sha512-vFwSUfQvqybiICwZY5+DAWIPLKsWO31Q91JSKl3UYv+K5c2QRPzn0qzec6QPu1Qc9eHYItiP3NdJqNVqetYAww=="
            }
          }
        },
        "@hashicorp/react-global-styles": {
          "version": "4.5.0",
          "resolved": "https://registry.npmjs.org/@hashicorp/react-global-styles/-/react-global-styles-4.5.0.tgz",
          "integrity": "sha512-CBLEL2PnjMHaT2XT7rLs/QvkamcIKD3ckvUWcCf9mSiYHTuTNbb8gJpQvVSEenN+ISFxAt1FVRQ7aJnnBYjVWg=="
        },
        "@hashicorp/react-text-split": {
          "version": "1.2.0",
          "requires": {
            "@hashicorp/react-button": "^2.2.3"
          },
          "dependencies": {
            "@hashicorp/react-button": {
              "version": "2.2.4",
              "resolved": "https://registry.npmjs.org/@hashicorp/react-button/-/react-button-2.2.4.tgz",
              "integrity": "sha512-jEjoN31nAI9K/4FDkUORjRhRHsH8rFIukR15wTmL72x7T0fZiBzNkB4OBAnLh2HQExLPKJzTGv+RaepJgQru/Q==",
              "requires": {
                "@hashicorp/react-global-styles": "^4.4.2",
                "@hashicorp/react-inline-svg": "^1.0.2",
                "slugify": "^1.3.6"
              },
              "dependencies": {
                "@hashicorp/react-global-styles": {
                  "version": "4.4.2",
                  "resolved": "https://registry.npmjs.org/@hashicorp/react-global-styles/-/react-global-styles-4.4.2.tgz",
                  "integrity": "sha512-EprEFwymJJbrbIQmzMCODM6eYwew2OsgVa9EtWNE984/KFk71QWvbjKVjebqNB0vWdpwSt6+127kfOQsx8JolA=="
                }
              }
            },
            "@hashicorp/react-inline-svg": {
              "version": "1.0.2",
              "resolved": "https://registry.npmjs.org/@hashicorp/react-inline-svg/-/react-inline-svg-1.0.2.tgz",
              "integrity": "sha512-AAFnBslSTgnEr++dTbMn3sybAqvn7myIj88ijGigF6u11eSRiV64zqEcyYLQKWTV6dF4AvYoxiYC6GSOgiM0Yw=="
            },
            "slugify": {
              "version": "1.4.5",
              "resolved": "https://registry.npmjs.org/slugify/-/slugify-1.4.5.tgz",
              "integrity": "sha512-WpECLAgYaxHoEAJ8Q1Lo8HOs1ngn7LN7QjXgOLbmmfkcWvosyk4ZTXkTzKyhngK640USTZUlgoQJfED1kz5fnQ=="
            }
          }
        }
      }
    },
    "@hashicorp/react-text-split-with-image": {
      "version": "3.0.0",
      "requires": {
        "@hashicorp/react-image": "^2.0.3",
        "@hashicorp/react-text-split": "^1.2.0"
      },
      "dependencies": {
        "@hashicorp/react-image": {
          "version": "2.0.4",
          "resolved": "https://registry.npmjs.org/@hashicorp/react-image/-/react-image-2.0.4.tgz",
          "integrity": "sha512-rJCx74lxQE9l9LpFhlxSjQ0yjrzjce5uzEGmMgPvMsNiQtgetjNyeg1p5N8k7xRGYXNapt8uY2kZiE69OyL9cQ==",
          "requires": {
            "object-assign": "^4.1.1",
            "query-string": "5.1.1"
          }
        },
        "@hashicorp/react-text-split": {
          "version": "1.2.0",
          "requires": {
            "@hashicorp/react-button": "^2.2.3"
          },
          "dependencies": {
            "@hashicorp/react-button": {
              "version": "2.2.4",
              "resolved": "https://registry.npmjs.org/@hashicorp/react-button/-/react-button-2.2.4.tgz",
              "integrity": "sha512-jEjoN31nAI9K/4FDkUORjRhRHsH8rFIukR15wTmL72x7T0fZiBzNkB4OBAnLh2HQExLPKJzTGv+RaepJgQru/Q==",
              "requires": {
                "@hashicorp/react-global-styles": "^4.4.2",
                "@hashicorp/react-inline-svg": "^1.0.2",
                "slugify": "^1.3.6"
              },
              "dependencies": {}
            },
            "@hashicorp/react-inline-svg": {
              "version": "1.0.2",
              "resolved": "https://registry.npmjs.org/@hashicorp/react-inline-svg/-/react-inline-svg-1.0.2.tgz",
              "integrity": "sha512-AAFnBslSTgnEr++dTbMn3sybAqvn7myIj88ijGigF6u11eSRiV64zqEcyYLQKWTV6dF4AvYoxiYC6GSOgiM0Yw=="
            },
            "slugify": {
              "version": "1.4.5",
              "resolved": "https://registry.npmjs.org/slugify/-/slugify-1.4.5.tgz",
              "integrity": "sha512-WpECLAgYaxHoEAJ8Q1Lo8HOs1ngn7LN7QjXgOLbmmfkcWvosyk4ZTXkTzKyhngK640USTZUlgoQJfED1kz5fnQ=="
            }
          }
        },
        "decode-uri-component": {
          "version": "0.2.0",
          "resolved": "https://registry.npmjs.org/decode-uri-component/-/decode-uri-component-0.2.0.tgz",
          "integrity": "sha1-6zkTMzRYd1y4TNGh+uBiEGu4dUU="
        },
        "object-assign": {
          "version": "4.1.1",
          "resolved": "https://registry.npmjs.org/object-assign/-/object-assign-4.1.1.tgz",
          "integrity": "sha1-IQmtx5ZYh8/AXLvUQsrIv7s2CGM="
        },
        "query-string": {
          "version": "5.1.1",
          "resolved": "https://registry.npmjs.org/query-string/-/query-string-5.1.1.tgz",
          "integrity": "sha512-gjWOsm2SoGlgLEdAGt7a6slVOk9mGiXmPFMqrEhLQ68rhQuBnpfs3+EmlvqKyxnCo9/PPlF+9MtY02S1aFg+Jw==",
          "requires": {
            "decode-uri-component": "^0.2.0",
            "object-assign": "^4.1.0",
            "strict-uri-encode": "^1.0.0"
          }
        },
        "strict-uri-encode": {
          "version": "1.1.0",
          "resolved": "https://registry.npmjs.org/strict-uri-encode/-/strict-uri-encode-1.1.0.tgz",
          "integrity": "sha1-J5siXfHVgrH1TmWt3UNS4Y+qBxM="
        }
      }
    },
    "@hashicorp/react-text-split-with-logo-grid": {
      "version": "3.0.0",
      "requires": {
        "@hashicorp/mktg-assets": "1.0.0-alpha.3",
        "@hashicorp/react-image": "^2.0.3",
        "@hashicorp/react-text-split": "^1.2.0"
      },
      "dependencies": {
        "@hashicorp/mktg-assets": {
          "version": "1.0.0-alpha.3",
          "resolved": "https://registry.npmjs.org/@hashicorp/mktg-assets/-/mktg-assets-1.0.0-alpha.3.tgz",
          "integrity": "sha512-AvRPKxi6bEzjS6U8dZR9FGjPmlqxxTdzPeFZXYTsc8kUGjoY/X9/GXY2zYCpzEpmUdnLzOSJrDl17INPEeL4Pw=="
        },
        "@hashicorp/react-image": {
          "version": "2.0.4",
          "resolved": "https://registry.npmjs.org/@hashicorp/react-image/-/react-image-2.0.4.tgz",
          "integrity": "sha512-rJCx74lxQE9l9LpFhlxSjQ0yjrzjce5uzEGmMgPvMsNiQtgetjNyeg1p5N8k7xRGYXNapt8uY2kZiE69OyL9cQ==",
          "requires": {
            "object-assign": "^4.1.1",
            "query-string": "5.1.1"
          }
        },
        "@hashicorp/react-text-split": {
          "version": "1.2.0",
          "requires": {
            "@hashicorp/react-button": "^2.2.3"
          },
          "dependencies": {
            "@hashicorp/react-button": {
              "version": "2.2.4",
              "resolved": "https://registry.npmjs.org/@hashicorp/react-button/-/react-button-2.2.4.tgz",
              "integrity": "sha512-jEjoN31nAI9K/4FDkUORjRhRHsH8rFIukR15wTmL72x7T0fZiBzNkB4OBAnLh2HQExLPKJzTGv+RaepJgQru/Q==",
              "requires": {
                "@hashicorp/react-global-styles": "^4.4.2",
                "@hashicorp/react-inline-svg": "^1.0.2",
                "slugify": "^1.3.6"
              },
              "dependencies": {}
            },
            "@hashicorp/react-inline-svg": {
              "version": "1.0.2",
              "resolved": "https://registry.npmjs.org/@hashicorp/react-inline-svg/-/react-inline-svg-1.0.2.tgz",
              "integrity": "sha512-AAFnBslSTgnEr++dTbMn3sybAqvn7myIj88ijGigF6u11eSRiV64zqEcyYLQKWTV6dF4AvYoxiYC6GSOgiM0Yw=="
            },
            "slugify": {
              "version": "1.4.5",
              "resolved": "https://registry.npmjs.org/slugify/-/slugify-1.4.5.tgz",
              "integrity": "sha512-WpECLAgYaxHoEAJ8Q1Lo8HOs1ngn7LN7QjXgOLbmmfkcWvosyk4ZTXkTzKyhngK640USTZUlgoQJfED1kz5fnQ=="
            }
          }
        },
        "decode-uri-component": {
          "version": "0.2.0",
          "resolved": "https://registry.npmjs.org/decode-uri-component/-/decode-uri-component-0.2.0.tgz",
          "integrity": "sha1-6zkTMzRYd1y4TNGh+uBiEGu4dUU="
        },
        "object-assign": {
          "version": "4.1.1",
          "resolved": "https://registry.npmjs.org/object-assign/-/object-assign-4.1.1.tgz",
          "integrity": "sha1-IQmtx5ZYh8/AXLvUQsrIv7s2CGM="
        },
        "query-string": {
          "version": "5.1.1",
          "resolved": "https://registry.npmjs.org/query-string/-/query-string-5.1.1.tgz",
          "integrity": "sha512-gjWOsm2SoGlgLEdAGt7a6slVOk9mGiXmPFMqrEhLQ68rhQuBnpfs3+EmlvqKyxnCo9/PPlF+9MtY02S1aFg+Jw==",
          "requires": {
            "decode-uri-component": "^0.2.0",
            "object-assign": "^4.1.0",
            "strict-uri-encode": "^1.0.0"
          }
        },
        "strict-uri-encode": {
          "version": "1.1.0",
          "resolved": "https://registry.npmjs.org/strict-uri-encode/-/strict-uri-encode-1.1.0.tgz",
          "integrity": "sha1-J5siXfHVgrH1TmWt3UNS4Y+qBxM="
        }
      }
    }
  }
}
