{
  "name": "@hashicorp/react-search",
  "version": "3.0.1",
  "lockfileVersion": 1,
  "requires": true,
  "dependencies": {
    "@algolia/cache-browser-local-storage": {
      "version": "4.4.0",
      "resolved": "https://registry.npmjs.org/@algolia/cache-browser-local-storage/-/cache-browser-local-storage-4.4.0.tgz",
      "integrity": "sha512-2AiKgN7DpFypkRCRkpqH7waXXyFdcnsPWzmN8sLHrB/FfXqgmsQb3pGft+9YHZIDQ0vAnfgMxSGgMhMGW+0Qnw==",
      "requires": {
        "@algolia/cache-common": "4.4.0"
      }
    },
    "@algolia/cache-common": {
      "version": "4.4.0",
      "resolved": "https://registry.npmjs.org/@algolia/cache-common/-/cache-common-4.4.0.tgz",
      "integrity": "sha512-PrIgoMnXaDWUfwOekahro543pgcJfgRu/nd/ZQS5ffem3+Ow725eZY6HDpPaQ1k3cvLii9JH6V2sNJConjqUKA=="
    },
    "@algolia/cache-in-memory": {
      "version": "4.4.0",
      "resolved": "https://registry.npmjs.org/@algolia/cache-in-memory/-/cache-in-memory-4.4.0.tgz",
      "integrity": "sha512-9+XlUB0baDU/Dp9URRHPp6Q37YmTO0QmgPWt9+n+wqZrRL0jR3Jezr4jCT7RemqGMxBiR+YpnqaUv0orpb0ptw==",
      "requires": {
        "@algolia/cache-common": "4.4.0"
      }
    },
    "@algolia/client-account": {
      "version": "4.4.0",
      "resolved": "https://registry.npmjs.org/@algolia/client-account/-/client-account-4.4.0.tgz",
      "integrity": "sha512-Kynu3cMEs0clTLf674rtrCF+FWR/JwlQxKlIWsPzvLBRmNXdvYej9YBcNaOr4OTQFCCZn9JVE8ib91Z7J4IL1Q==",
      "requires": {
        "@algolia/client-common": "4.4.0",
        "@algolia/client-search": "4.4.0",
        "@algolia/transporter": "4.4.0"
      }
    },
    "@algolia/client-analytics": {
      "version": "4.4.0",
      "resolved": "https://registry.npmjs.org/@algolia/client-analytics/-/client-analytics-4.4.0.tgz",
      "integrity": "sha512-GQyjQimKAc9sZbafxln9Wk7j4pEYiORv28MZkZ+0Bjt7WNXIeO7OgOOECVpQHm9buyV6hCKpNtJcbb5/syRzdQ==",
      "requires": {
        "@algolia/client-common": "4.4.0",
        "@algolia/client-search": "4.4.0",
        "@algolia/requester-common": "4.4.0",
        "@algolia/transporter": "4.4.0"
      }
    },
    "@algolia/client-common": {
      "version": "4.4.0",
      "resolved": "https://registry.npmjs.org/@algolia/client-common/-/client-common-4.4.0.tgz",
      "integrity": "sha512-a3yr6UhzjWPHDG/8iGp9UvrDOm1aeHVWJIf0Nj/cIvqX5tNCEIo4IMe59ovApkDgLOIpt/cLsyhn9/FiPXRhJA==",
      "requires": {
        "@algolia/requester-common": "4.4.0",
        "@algolia/transporter": "4.4.0"
      }
    },
    "@algolia/client-recommendation": {
      "version": "4.4.0",
      "resolved": "https://registry.npmjs.org/@algolia/client-recommendation/-/client-recommendation-4.4.0.tgz",
      "integrity": "sha512-sBszbQH46rko6w2fdEG77ma8+fAg0SDkLZGxWhv4trgcnYGUBFl2dcpEPt/6koto9b4XYlf+eh+qi6iGvYqRPg==",
      "requires": {
        "@algolia/client-common": "4.4.0",
        "@algolia/requester-common": "4.4.0",
        "@algolia/transporter": "4.4.0"
      }
    },
    "@algolia/client-search": {
      "version": "4.4.0",
      "resolved": "https://registry.npmjs.org/@algolia/client-search/-/client-search-4.4.0.tgz",
      "integrity": "sha512-jqWcxCUyPPHnHreoMb2PnN9iHTP+V/nL62R84XuTRDE3VgTnhm4ZnqyuRdzZQqaz+gNy5znav64TmQ9FN9WW5g==",
      "requires": {
        "@algolia/client-common": "4.4.0",
        "@algolia/requester-common": "4.4.0",
        "@algolia/transporter": "4.4.0"
      }
    },
    "@algolia/logger-common": {
      "version": "4.4.0",
      "resolved": "https://registry.npmjs.org/@algolia/logger-common/-/logger-common-4.4.0.tgz",
      "integrity": "sha512-2vjmSENLaKNuF+ytRDysfWxxgFG95WXCHwHbueThdPMCK3hskkwqJ0Y/pugKfzl+54mZxegb4BYfgcCeuaHVUw=="
    },
    "@algolia/logger-console": {
      "version": "4.4.0",
      "resolved": "https://registry.npmjs.org/@algolia/logger-console/-/logger-console-4.4.0.tgz",
      "integrity": "sha512-st/GUWyKvr6YM72OOfF+RmpdVGda3BPXbQ+chpntUq1WyVkyZXGjSmH1IcBVlua27GzxabwOUYON39cF3x10/g==",
      "requires": {
        "@algolia/logger-common": "4.4.0"
      }
    },
    "@algolia/requester-browser-xhr": {
      "version": "4.4.0",
      "resolved": "https://registry.npmjs.org/@algolia/requester-browser-xhr/-/requester-browser-xhr-4.4.0.tgz",
      "integrity": "sha512-V3a4hXlNch355GnWaT1f5QfXhROpsjT6sd0Znq29gAhwLqfBExhLW6Khdkv5pENC0Qy7ClVhdXFrBL9QCQer1g==",
      "requires": {
        "@algolia/requester-common": "4.4.0"
      }
    },
    "@algolia/requester-common": {
      "version": "4.4.0",
      "resolved": "https://registry.npmjs.org/@algolia/requester-common/-/requester-common-4.4.0.tgz",
      "integrity": "sha512-jPinHlFJEFokxQ5b3JWyjQKKn+FMy0hH99PApzOgQAYOSiFRXiPEZp6LeIexDeLLu7Y3eRt/3nHvjPKa6PmRRw=="
    },
    "@algolia/requester-node-http": {
      "version": "4.4.0",
      "resolved": "https://registry.npmjs.org/@algolia/requester-node-http/-/requester-node-http-4.4.0.tgz",
      "integrity": "sha512-b7HC9C/GHxiV4+0GpCRTtjscvwarPr3dGm4CAhb6AkNjgjRcFUNr1NfsF75w3WVmzmt79/7QZihddztDdVMGjw==",
      "requires": {
        "@algolia/requester-common": "4.4.0"
      }
    },
    "@algolia/transporter": {
      "version": "4.4.0",
      "resolved": "https://registry.npmjs.org/@algolia/transporter/-/transporter-4.4.0.tgz",
      "integrity": "sha512-Xxzq91DEEeKIzT3DU46n4LEyTGAKZNtSHc2H9wvIY5MYwhZwEribmXXZ6k8W1FvBvzggv3juu0SP+xwGoR7F0w==",
      "requires": {
        "@algolia/cache-common": "4.4.0",
        "@algolia/logger-common": "4.4.0",
        "@algolia/requester-common": "4.4.0"
      }
    },
    "@babel/runtime": {
      "version": "7.11.2",
      "resolved": "https://registry.npmjs.org/@babel/runtime/-/runtime-7.11.2.tgz",
      "integrity": "sha512-TeWkU52so0mPtDcaCTxNBI/IHiz0pZgr8VEFqXFtZWpYD08ZB6FaSwVAS8MKRQAP3bYKiVjwysOJgMFY28o6Tw==",
      "requires": {
        "regenerator-runtime": "^0.13.4"
      }
    },
    "@hashicorp/react-inline-svg": {
      "version": "1.0.2",
      "resolved": "https://registry.npmjs.org/@hashicorp/react-inline-svg/-/react-inline-svg-1.0.2.tgz",
      "integrity": "sha512-AAFnBslSTgnEr++dTbMn3sybAqvn7myIj88ijGigF6u11eSRiV64zqEcyYLQKWTV6dF4AvYoxiYC6GSOgiM0Yw=="
    },
    "@hashicorp/remark-plugins": {
      "version": "3.0.0",
      "resolved": "https://registry.npmjs.org/@hashicorp/remark-plugins/-/remark-plugins-3.0.0.tgz",
      "integrity": "sha512-K5gn2kXW8zs2MSduobwnv5hXPANXfuH3bL5Ji42UoExoUmbitbIONtsn5N8ckeUVL+Ykk8dlMsb7gZkFHalLZg==",
      "requires": {
        "github-slugger": "^1.3.0",
        "remark": "^11.0.2",
        "to-vfile": "^6.1.0",
        "unist-util-flatmap": "^1.0.0",
        "unist-util-is": "^4.0.2",
        "unist-util-map": "^2.0.1",
        "unist-util-visit": "^2.0.2"
      },
      "dependencies": {
        "markdown-table": {
          "version": "1.1.3",
          "resolved": "https://registry.npmjs.org/markdown-table/-/markdown-table-1.1.3.tgz",
          "integrity": "sha512-1RUZVgQlpJSPWYbFSpmudq5nHY1doEIv89gBtF0s4gW1GF2XorxcA/70M5vq7rLv0a6mhOUccRsqkwhwLCIQ2Q=="
        },
        "mdast-util-compact": {
          "version": "1.0.4",
          "resolved": "https://registry.npmjs.org/mdast-util-compact/-/mdast-util-compact-1.0.4.tgz",
          "integrity": "sha512-3YDMQHI5vRiS2uygEFYaqckibpJtKq5Sj2c8JioeOQBU6INpKbdWzfyLqFFnDwEcEnRFIdMsguzs5pC1Jp4Isg==",
          "requires": {
            "unist-util-visit": "^1.1.0"
          },
          "dependencies": {
            "unist-util-visit": {
              "version": "1.4.1",
              "resolved": "https://registry.npmjs.org/unist-util-visit/-/unist-util-visit-1.4.1.tgz",
              "integrity": "sha512-AvGNk7Bb//EmJZyhtRUnNMEpId/AZ5Ph/KUpTI09WHQuDZHKovQ1oEv3mfmKpWKtoMzyMC4GLBm1Zy5k12fjIw==",
              "requires": {
                "unist-util-visit-parents": "^2.0.0"
              }
            }
          }
        },
        "parse-entities": {
          "version": "1.2.2",
          "resolved": "https://registry.npmjs.org/parse-entities/-/parse-entities-1.2.2.tgz",
          "integrity": "sha512-NzfpbxW/NPrzZ/yYSoQxyqUZMZXIdCfE0OIN4ESsnptHJECoUk3FZktxNuzQf4tjt5UEopnxpYJbvYuxIFDdsg==",
          "requires": {
            "character-entities": "^1.0.0",
            "character-entities-legacy": "^1.0.0",
            "character-reference-invalid": "^1.0.0",
            "is-alphanumerical": "^1.0.0",
            "is-decimal": "^1.0.0",
            "is-hexadecimal": "^1.0.0"
          }
        },
        "remark": {
          "version": "11.0.2",
          "resolved": "https://registry.npmjs.org/remark/-/remark-11.0.2.tgz",
          "integrity": "sha512-bh+eJgn8wgmbHmIBOuwJFdTVRVpl3fcVP6HxmpPWO0ULGP9Qkh6INJh0N5Uy7GqlV7DQYGoqaKiEIpM5LLvJ8w==",
          "requires": {
            "remark-parse": "^7.0.0",
            "remark-stringify": "^7.0.0",
            "unified": "^8.2.0"
          }
        },
        "remark-parse": {
          "version": "7.0.2",
          "resolved": "https://registry.npmjs.org/remark-parse/-/remark-parse-7.0.2.tgz",
          "integrity": "sha512-9+my0lQS80IQkYXsMA8Sg6m9QfXYJBnXjWYN5U+kFc5/n69t+XZVXU/ZBYr3cYH8FheEGf1v87rkFDhJ8bVgMA==",
          "requires": {
            "collapse-white-space": "^1.0.2",
            "is-alphabetical": "^1.0.0",
            "is-decimal": "^1.0.0",
            "is-whitespace-character": "^1.0.0",
            "is-word-character": "^1.0.0",
            "markdown-escapes": "^1.0.0",
            "parse-entities": "^1.1.0",
            "repeat-string": "^1.5.4",
            "state-toggle": "^1.0.0",
            "trim": "0.0.1",
            "trim-trailing-lines": "^1.0.0",
            "unherit": "^1.0.4",
            "unist-util-remove-position": "^1.0.0",
            "vfile-location": "^2.0.0",
            "xtend": "^4.0.1"
          }
        },
        "remark-stringify": {
          "version": "7.0.4",
          "resolved": "https://registry.npmjs.org/remark-stringify/-/remark-stringify-7.0.4.tgz",
          "integrity": "sha512-qck+8NeA1D0utk1ttKcWAoHRrJxERYQzkHDyn+pF5Z4whX1ug98uCNPPSeFgLSaNERRxnD6oxIug6DzZQth6Pg==",
          "requires": {
            "ccount": "^1.0.0",
            "is-alphanumeric": "^1.0.0",
            "is-decimal": "^1.0.0",
            "is-whitespace-character": "^1.0.0",
            "longest-streak": "^2.0.1",
            "markdown-escapes": "^1.0.0",
            "markdown-table": "^1.1.0",
            "mdast-util-compact": "^1.0.0",
            "parse-entities": "^1.0.2",
            "repeat-string": "^1.5.4",
            "state-toggle": "^1.0.0",
            "stringify-entities": "^2.0.0",
            "unherit": "^1.0.4",
            "xtend": "^4.0.1"
          }
        },
        "stringify-entities": {
          "version": "2.0.0",
          "resolved": "https://registry.npmjs.org/stringify-entities/-/stringify-entities-2.0.0.tgz",
          "integrity": "sha512-fqqhZzXyAM6pGD9lky/GOPq6V4X0SeTAFBl0iXb/BzOegl40gpf/bV3QQP7zULNYvjr6+Dx8SCaDULjVoOru0A==",
          "requires": {
            "character-entities-html4": "^1.0.0",
            "character-entities-legacy": "^1.0.0",
            "is-alphanumerical": "^1.0.0",
            "is-decimal": "^1.0.2",
            "is-hexadecimal": "^1.0.0"
          }
        },
        "unified": {
          "version": "8.4.2",
          "resolved": "https://registry.npmjs.org/unified/-/unified-8.4.2.tgz",
          "integrity": "sha512-JCrmN13jI4+h9UAyKEoGcDZV+i1E7BLFuG7OsaDvTXI5P0qhHX+vZO/kOhz9jn8HGENDKbwSeB0nVOg4gVStGA==",
          "requires": {
            "bail": "^1.0.0",
            "extend": "^3.0.0",
            "is-plain-obj": "^2.0.0",
            "trough": "^1.0.0",
            "vfile": "^4.0.0"
          }
        },
        "unist-util-remove-position": {
          "version": "1.1.4",
          "resolved": "https://registry.npmjs.org/unist-util-remove-position/-/unist-util-remove-position-1.1.4.tgz",
          "integrity": "sha512-tLqd653ArxJIPnKII6LMZwH+mb5q+n/GtXQZo6S6csPRs5zB0u79Yw8ouR3wTw8wxvdJFhpP6Y7jorWdCgLO0A==",
          "requires": {
            "unist-util-visit": "^1.1.0"
          },
          "dependencies": {
            "unist-util-visit": {
              "version": "1.4.1",
              "resolved": "https://registry.npmjs.org/unist-util-visit/-/unist-util-visit-1.4.1.tgz",
              "integrity": "sha512-AvGNk7Bb//EmJZyhtRUnNMEpId/AZ5Ph/KUpTI09WHQuDZHKovQ1oEv3mfmKpWKtoMzyMC4GLBm1Zy5k12fjIw==",
              "requires": {
                "unist-util-visit-parents": "^2.0.0"
              }
            }
          }
        },
        "unist-util-visit-parents": {
          "version": "2.1.2",
          "resolved": "https://registry.npmjs.org/unist-util-visit-parents/-/unist-util-visit-parents-2.1.2.tgz",
          "integrity": "sha512-DyN5vD4NE3aSeB+PXYNKxzGsfocxp6asDc2XXE3b0ekO2BaRUpBicbbUygfSvYfUz1IkmjFR1YF7dPklraMZ2g==",
          "requires": {
            "unist-util-is": "^3.0.0"
          },
          "dependencies": {
            "unist-util-is": {
              "version": "3.0.0",
              "resolved": "https://registry.npmjs.org/unist-util-is/-/unist-util-is-3.0.0.tgz",
              "integrity": "sha512-sVZZX3+kspVNmLWBPAB6r+7D9ZgAFPNWm66f7YNb420RlQSbn+n8rG8dGZSkrER7ZIXGQYNm5pqC3v3HopH24A=="
            }
          }
        },
        "vfile-location": {
          "version": "2.0.6",
          "resolved": "https://registry.npmjs.org/vfile-location/-/vfile-location-2.0.6.tgz",
          "integrity": "sha512-sSFdyCP3G6Ka0CEmN83A2YCMKIieHx0EDaj5IDP4g1pa5ZJ4FJDvpO0WODLxo4LUX4oe52gmSCK7Jw4SBghqxA=="
        }
      }
    },
    "@types/mdast": {
      "version": "3.0.3",
      "resolved": "https://registry.npmjs.org/@types/mdast/-/mdast-3.0.3.tgz",
      "integrity": "sha512-SXPBMnFVQg1s00dlMCc/jCdvPqdE4mXaMMCeRlxLDmTAEoegHT53xKtkDnzDTOcmMHUfcjyf36/YYZ6SxRdnsw==",
      "requires": {
        "@types/unist": "*"
      }
    },
    "@types/unist": {
      "version": "2.0.3",
      "resolved": "https://registry.npmjs.org/@types/unist/-/unist-2.0.3.tgz",
      "integrity": "sha512-FvUupuM3rlRsRtCN+fDudtmytGO6iHJuuRKS1Ss0pG5z8oX0diNEw94UEL7hgDbpN94rgaK5R7sWm6RrSkZuAQ=="
    },
    "algoliasearch": {
      "version": "4.4.0",
      "resolved": "https://registry.npmjs.org/algoliasearch/-/algoliasearch-4.4.0.tgz",
      "integrity": "sha512-Ag3wxe/nSodNl/1KbHibtkh7TNLptKE300/wnGVtszRjXivaWD6333nUpCumrYObHym/fHMHyLcmQYezXbAIWQ==",
      "requires": {
        "@algolia/cache-browser-local-storage": "4.4.0",
        "@algolia/cache-common": "4.4.0",
        "@algolia/cache-in-memory": "4.4.0",
        "@algolia/client-account": "4.4.0",
        "@algolia/client-analytics": "4.4.0",
        "@algolia/client-common": "4.4.0",
        "@algolia/client-recommendation": "4.4.0",
        "@algolia/client-search": "4.4.0",
        "@algolia/logger-common": "4.4.0",
        "@algolia/logger-console": "4.4.0",
        "@algolia/requester-browser-xhr": "4.4.0",
        "@algolia/requester-common": "4.4.0",
        "@algolia/requester-node-http": "4.4.0",
        "@algolia/transporter": "4.4.0"
      }
    },
    "algoliasearch-helper": {
      "version": "3.2.2",
      "resolved": "https://registry.npmjs.org/algoliasearch-helper/-/algoliasearch-helper-3.2.2.tgz",
      "integrity": "sha512-/3XvE33R+gQKaiPdy3nmHYqhF8hqIu8xnlOicVxb1fD6uMFmxW8rGLzzrRfsPfxgAfm+c1NslLb3TzQVIB8aVA==",
      "requires": {
        "events": "^1.1.1"
      }
    },
    "argparse": {
      "version": "1.0.10",
      "resolved": "https://registry.npmjs.org/argparse/-/argparse-1.0.10.tgz",
      "integrity": "sha512-o5Roy6tNG4SL/FOkCAN6RzjiakZS25RLYFrcMttJqbdd8BWrnA+fGz57iN5Pb06pvBGvl5gQ0B48dJlslXvoTg==",
      "requires": {
        "sprintf-js": "~1.0.2"
      }
    },
    "bail": {
      "version": "1.0.5",
      "resolved": "https://registry.npmjs.org/bail/-/bail-1.0.5.tgz",
      "integrity": "sha512-xFbRxM1tahm08yHBP16MMjVUAvDaBMD38zsM9EMAUN61omwLmKlOpB/Zku5QkjZ8TZ4vn53pj+t518cH0S03RQ=="
    },
    "balanced-match": {
      "version": "1.0.0",
      "resolved": "https://registry.npmjs.org/balanced-match/-/balanced-match-1.0.0.tgz",
      "integrity": "sha1-ibTRmasr7kneFk6gK4nORi1xt2c="
    },
    "brace-expansion": {
      "version": "1.1.11",
      "resolved": "https://registry.npmjs.org/brace-expansion/-/brace-expansion-1.1.11.tgz",
      "integrity": "sha512-iCuPHDFgrHX7H2vEI/5xpz07zSHB00TpugqhmYtVmMO6518mCuRMoOYFldEBl0g187ufozdaHgWKcYFb61qGiA==",
      "requires": {
        "balanced-match": "^1.0.0",
        "concat-map": "0.0.1"
      }
    },
    "ccount": {
      "version": "1.0.5",
      "resolved": "https://registry.npmjs.org/ccount/-/ccount-1.0.5.tgz",
      "integrity": "sha512-MOli1W+nfbPLlKEhInaxhRdp7KVLFxLN5ykwzHgLsLI3H3gs5jjFAK4Eoj3OzzcxCtumDaI8onoVDeQyWaNTkw=="
    },
    "character-entities": {
      "version": "1.2.4",
      "resolved": "https://registry.npmjs.org/character-entities/-/character-entities-1.2.4.tgz",
      "integrity": "sha512-iBMyeEHxfVnIakwOuDXpVkc54HijNgCyQB2w0VfGQThle6NXn50zU6V/u+LDhxHcDUPojn6Kpga3PTAD8W1bQw=="
    },
    "character-entities-html4": {
      "version": "1.1.4",
      "resolved": "https://registry.npmjs.org/character-entities-html4/-/character-entities-html4-1.1.4.tgz",
      "integrity": "sha512-HRcDxZuZqMx3/a+qrzxdBKBPUpxWEq9xw2OPZ3a/174ihfrQKVsFhqtthBInFy1zZ9GgZyFXOatNujm8M+El3g=="
    },
    "character-entities-legacy": {
      "version": "1.1.4",
      "resolved": "https://registry.npmjs.org/character-entities-legacy/-/character-entities-legacy-1.1.4.tgz",
      "integrity": "sha512-3Xnr+7ZFS1uxeiUDvV02wQ+QDbc55o97tIV5zHScSPJpcLm/r0DFPcoY3tYRp+VZukxuMeKgXYmsXQHO05zQeA=="
    },
    "character-reference-invalid": {
      "version": "1.1.4",
      "resolved": "https://registry.npmjs.org/character-reference-invalid/-/character-reference-invalid-1.1.4.tgz",
      "integrity": "sha512-mKKUkUbhPpQlCOfIuZkvSEgktjPFIsZKRRbC6KWVEMvlzblj3i3asQv5ODsrwt0N3pHAEvjP8KTQPHkp0+6jOg=="
    },
    "classnames": {
      "version": "2.2.6",
      "resolved": "https://registry.npmjs.org/classnames/-/classnames-2.2.6.tgz",
      "integrity": "sha512-JR/iSQOSt+LQIWwrwEzJ9uk0xfN3mTVYMwt1Ir5mUcSN6pU+V4zQFFaJsclJbPuAUQH+yfWef6tm7l1quW3C8Q=="
    },
    "collapse-white-space": {
      "version": "1.0.6",
      "resolved": "https://registry.npmjs.org/collapse-white-space/-/collapse-white-space-1.0.6.tgz",
      "integrity": "sha512-jEovNnrhMuqyCcjfEJA56v0Xq8SkIoPKDyaHahwo3POf4qcSXqMYuwNcOTzp74vTsR9Tn08z4MxWqAhcekogkQ=="
    },
    "concat-map": {
      "version": "0.0.1",
      "resolved": "https://registry.npmjs.org/concat-map/-/concat-map-0.0.1.tgz",
      "integrity": "sha1-2Klr13/Wjfd5OnMDajug1UBdR3s="
    },
    "dotenv": {
      "version": "8.2.0",
      "resolved": "https://registry.npmjs.org/dotenv/-/dotenv-8.2.0.tgz",
      "integrity": "sha512-8sJ78ElpbDJBHNeBzUbUVLsqKdccaa/BXF1uPTw3GrvQTBgrQrtObr2mUrE38vzYd8cEv+m/JBfDLioYcfXoaw=="
    },
    "emoji-regex": {
      "version": "6.1.1",
      "resolved": "https://registry.npmjs.org/emoji-regex/-/emoji-regex-6.1.1.tgz",
      "integrity": "sha1-xs0OwbBkLio8Z6ETfvxeeW2k+I4="
    },
    "esprima": {
      "version": "4.0.1",
      "resolved": "https://registry.npmjs.org/esprima/-/esprima-4.0.1.tgz",
      "integrity": "sha512-eGuFFw7Upda+g4p+QHvnW0RyTX/SVeJBDM/gCtMARO0cLuT2HcEKnTPvhjV6aGeqrCB/sbNop0Kszm0jsaWU4A=="
    },
    "events": {
      "version": "1.1.1",
      "resolved": "https://registry.npmjs.org/events/-/events-1.1.1.tgz",
      "integrity": "sha1-nr23Y1rQmccNzEwqH1AEKI6L2SQ="
    },
    "extend": {
      "version": "3.0.2",
      "resolved": "https://registry.npmjs.org/extend/-/extend-3.0.2.tgz",
      "integrity": "sha512-fjquC59cD7CyW6urNXK0FBufkZcoiGG80wTuPujX590cB5Ttln20E2UB4S/WARVqhXffZl2LNgS+gQdPIIim/g=="
    },
    "extend-shallow": {
      "version": "2.0.1",
      "resolved": "https://registry.npmjs.org/extend-shallow/-/extend-shallow-2.0.1.tgz",
      "integrity": "sha1-Ua99YUrZqfYQ6huvu5idaxxWiQ8=",
      "requires": {
        "is-extendable": "^0.1.0"
      }
    },
    "fs.realpath": {
      "version": "1.0.0",
      "resolved": "https://registry.npmjs.org/fs.realpath/-/fs.realpath-1.0.0.tgz",
      "integrity": "sha1-FQStJSMVjKpA20onh8sBQRmU6k8="
    },
    "github-slugger": {
      "version": "1.3.0",
      "resolved": "https://registry.npmjs.org/github-slugger/-/github-slugger-1.3.0.tgz",
      "integrity": "sha512-gwJScWVNhFYSRDvURk/8yhcFBee6aFjye2a7Lhb2bUyRulpIoek9p0I9Kt7PT67d/nUlZbFu8L9RLiA0woQN8Q==",
      "requires": {
        "emoji-regex": ">=6.0.0 <=6.1.1"
      }
    },
    "glob": {
      "version": "7.1.6",
      "resolved": "https://registry.npmjs.org/glob/-/glob-7.1.6.tgz",
      "integrity": "sha512-LwaxwyZ72Lk7vZINtNNrywX0ZuLyStrdDtabefZKAY5ZGJhVtgdznluResxNmPitE0SAO+O26sWTHeKSI2wMBA==",
      "requires": {
        "fs.realpath": "^1.0.0",
        "inflight": "^1.0.4",
        "inherits": "2",
        "minimatch": "^3.0.4",
        "once": "^1.3.0",
        "path-is-absolute": "^1.0.0"
      }
    },
    "gray-matter": {
      "version": "4.0.2",
      "resolved": "https://registry.npmjs.org/gray-matter/-/gray-matter-4.0.2.tgz",
      "integrity": "sha512-7hB/+LxrOjq/dd8APlK0r24uL/67w7SkYnfwhNFwg/VDIGWGmduTDYf3WNstLW2fbbmRwrDGCVSJ2isuf2+4Hw==",
      "requires": {
        "js-yaml": "^3.11.0",
        "kind-of": "^6.0.2",
        "section-matter": "^1.0.0",
        "strip-bom-string": "^1.0.0"
      }
    },
    "inflight": {
      "version": "1.0.6",
      "resolved": "https://registry.npmjs.org/inflight/-/inflight-1.0.6.tgz",
      "integrity": "sha1-Sb1jMdfQLQwJvJEKEHW6gWW1bfk=",
      "requires": {
        "once": "^1.3.0",
        "wrappy": "1"
      }
    },
    "inherits": {
      "version": "2.0.4",
      "resolved": "https://registry.npmjs.org/inherits/-/inherits-2.0.4.tgz",
      "integrity": "sha512-k/vGaX4/Yla3WzyMCvTQOXYeIHvqOKtnqBduzTHpzpQZzAskKMhZ2K+EnBiSM9zGSoIFeMpXKxa4dYeZIQqewQ=="
    },
    "is-alphabetical": {
      "version": "1.0.4",
      "resolved": "https://registry.npmjs.org/is-alphabetical/-/is-alphabetical-1.0.4.tgz",
      "integrity": "sha512-DwzsA04LQ10FHTZuL0/grVDk4rFoVH1pjAToYwBrHSxcrBIGQuXrQMtD5U1b0U2XVgKZCTLLP8u2Qxqhy3l2Vg=="
    },
    "is-alphanumeric": {
      "version": "1.0.0",
      "resolved": "https://registry.npmjs.org/is-alphanumeric/-/is-alphanumeric-1.0.0.tgz",
      "integrity": "sha1-Spzvcdr0wAHB2B1j0UDPU/1oifQ="
    },
    "is-alphanumerical": {
      "version": "1.0.4",
      "resolved": "https://registry.npmjs.org/is-alphanumerical/-/is-alphanumerical-1.0.4.tgz",
      "integrity": "sha512-UzoZUr+XfVz3t3v4KyGEniVL9BDRoQtY7tOyrRybkVNjDFWyo1yhXNGrrBTQxp3ib9BLAWs7k2YKBQsFRkZG9A==",
      "requires": {
        "is-alphabetical": "^1.0.0",
        "is-decimal": "^1.0.0"
      }
    },
    "is-buffer": {
      "version": "2.0.4",
      "resolved": "https://registry.npmjs.org/is-buffer/-/is-buffer-2.0.4.tgz",
      "integrity": "sha512-Kq1rokWXOPXWuaMAqZiJW4XxsmD9zGx9q4aePabbn3qCRGedtH7Cm+zV8WETitMfu1wdh+Rvd6w5egwSngUX2A=="
    },
    "is-decimal": {
      "version": "1.0.4",
      "resolved": "https://registry.npmjs.org/is-decimal/-/is-decimal-1.0.4.tgz",
      "integrity": "sha512-RGdriMmQQvZ2aqaQq3awNA6dCGtKpiDFcOzrTWrDAT2MiWrKQVPmxLGHl7Y2nNu6led0kEyoX0enY0qXYsv9zw=="
    },
    "is-extendable": {
      "version": "0.1.1",
      "resolved": "https://registry.npmjs.org/is-extendable/-/is-extendable-0.1.1.tgz",
      "integrity": "sha1-YrEQ4omkcUGOPsNqYX1HLjAd/Ik="
    },
    "is-hexadecimal": {
      "version": "1.0.4",
      "resolved": "https://registry.npmjs.org/is-hexadecimal/-/is-hexadecimal-1.0.4.tgz",
      "integrity": "sha512-gyPJuv83bHMpocVYoqof5VDiZveEoGoFL8m3BXNb2VW8Xs+rz9kqO8LOQ5DH6EsuvilT1ApazU0pyl+ytbPtlw=="
    },
    "is-plain-obj": {
      "version": "2.1.0",
      "resolved": "https://registry.npmjs.org/is-plain-obj/-/is-plain-obj-2.1.0.tgz",
      "integrity": "sha512-YWnfyRwxL/+SsrWYfOpUtz5b3YD+nyfkHvjbcanzk8zgyO4ASD67uVMRt8k5bM4lLMDnXfriRhOpemw+NfT1eA=="
    },
    "is-whitespace-character": {
      "version": "1.0.4",
      "resolved": "https://registry.npmjs.org/is-whitespace-character/-/is-whitespace-character-1.0.4.tgz",
      "integrity": "sha512-SDweEzfIZM0SJV0EUga669UTKlmL0Pq8Lno0QDQsPnvECB3IM2aP0gdx5TrU0A01MAPfViaZiI2V1QMZLaKK5w=="
    },
    "is-word-character": {
      "version": "1.0.4",
      "resolved": "https://registry.npmjs.org/is-word-character/-/is-word-character-1.0.4.tgz",
      "integrity": "sha512-5SMO8RVennx3nZrqtKwCGyyetPE9VDba5ugvKLaD4KopPG5kR4mQ7tNt/r7feL5yt5h3lpuBbIUmCOG2eSzXHA=="
    },
    "js-tokens": {
      "version": "4.0.0",
      "resolved": "https://registry.npmjs.org/js-tokens/-/js-tokens-4.0.0.tgz",
      "integrity": "sha512-RdJUflcE3cUzKiMqQgsCu06FPu9UdIJO0beYbPhHN4k6apgJtifcoCtT9bcxOpYBtpD2kCM6Sbzg4CausW/PKQ=="
    },
    "js-yaml": {
      "version": "3.14.0",
      "resolved": "https://registry.npmjs.org/js-yaml/-/js-yaml-3.14.0.tgz",
      "integrity": "sha512-/4IbIeHcD9VMHFqDR/gQ7EdZdLimOvW2DdcxFjdyyZ9NsbS+ccrXqVWDtab/lRl5AlUqmpBx8EhPaWR+OtY17A==",
      "requires": {
        "argparse": "^1.0.7",
        "esprima": "^4.0.0"
      }
    },
    "kind-of": {
      "version": "6.0.3",
      "resolved": "https://registry.npmjs.org/kind-of/-/kind-of-6.0.3.tgz",
      "integrity": "sha512-dcS1ul+9tmeD95T+x28/ehLgd9mENa3LsvDTtzm3vyBEO7RPptvAD+t44WVXaUjTBRcrpFeFlC8WCruUR456hw=="
    },
    "longest-streak": {
      "version": "2.0.4",
      "resolved": "https://registry.npmjs.org/longest-streak/-/longest-streak-2.0.4.tgz",
      "integrity": "sha512-vM6rUVCVUJJt33bnmHiZEvr7wPT78ztX7rojL+LW51bHtLh6HTjx84LA5W4+oa6aKEJA7jJu5LR6vQRBpA5DVg=="
    },
    "loose-envify": {
      "version": "1.4.0",
      "resolved": "https://registry.npmjs.org/loose-envify/-/loose-envify-1.4.0.tgz",
      "integrity": "sha512-lyuxPGr/Wfhrlem2CL/UcnUc1zcqKAImBDzukY7Y5F/yQiNdko6+fRLevlw1HgMySw7f611UIY408EtxRSoK3Q==",
      "requires": {
        "js-tokens": "^3.0.0 || ^4.0.0"
      }
    },
    "markdown-escapes": {
      "version": "1.0.4",
      "resolved": "https://registry.npmjs.org/markdown-escapes/-/markdown-escapes-1.0.4.tgz",
      "integrity": "sha512-8z4efJYk43E0upd0NbVXwgSTQs6cT3T06etieCMEg7dRbzCbxUCK/GHlX8mhHRDcp+OLlHkPKsvqQTCvsRl2cg=="
    },
    "markdown-table": {
      "version": "2.0.0",
      "resolved": "https://registry.npmjs.org/markdown-table/-/markdown-table-2.0.0.tgz",
      "integrity": "sha512-Ezda85ToJUBhM6WGaG6veasyym+Tbs3cMAw/ZhOPqXiYsr0jgocBV3j3nx+4lk47plLlIqjwuTm/ywVI+zjJ/A==",
      "requires": {
        "repeat-string": "^1.0.0"
      }
    },
    "mdast-util-compact": {
      "version": "2.0.1",
      "resolved": "https://registry.npmjs.org/mdast-util-compact/-/mdast-util-compact-2.0.1.tgz",
      "integrity": "sha512-7GlnT24gEwDrdAwEHrU4Vv5lLWrEer4KOkAiKT9nYstsTad7Oc1TwqT2zIMKRdZF7cTuaf+GA1E4Kv7jJh8mPA==",
      "requires": {
        "unist-util-visit": "^2.0.0"
      }
    },
    "minimatch": {
      "version": "3.0.4",
      "resolved": "https://registry.npmjs.org/minimatch/-/minimatch-3.0.4.tgz",
      "integrity": "sha512-yJHVQEhyqPLUTgt9B83PXu6W3rx4MvvHvSUvToogpwoGDOUQ+yDrR0HRot+yOCdCO7u4hX3pWft6kWBBcqh0UA==",
      "requires": {
        "brace-expansion": "^1.1.7"
      }
    },
    "object-assign": {
      "version": "4.1.1",
      "resolved": "https://registry.npmjs.org/object-assign/-/object-assign-4.1.1.tgz",
      "integrity": "sha1-IQmtx5ZYh8/AXLvUQsrIv7s2CGM="
    },
    "once": {
      "version": "1.4.0",
      "resolved": "https://registry.npmjs.org/once/-/once-1.4.0.tgz",
      "integrity": "sha1-WDsap3WWHUsROsF9nFC6753Xa9E=",
      "requires": {
        "wrappy": "1"
      }
    },
    "parse-entities": {
      "version": "2.0.0",
      "resolved": "https://registry.npmjs.org/parse-entities/-/parse-entities-2.0.0.tgz",
      "integrity": "sha512-kkywGpCcRYhqQIchaWqZ875wzpS/bMKhz5HnN3p7wveJTkTtyAB/AlnS0f8DFSqYW1T82t6yEAkEcB+A1I3MbQ==",
      "requires": {
        "character-entities": "^1.0.0",
        "character-entities-legacy": "^1.0.0",
        "character-reference-invalid": "^1.0.0",
        "is-alphanumerical": "^1.0.0",
        "is-decimal": "^1.0.0",
        "is-hexadecimal": "^1.0.0"
      }
    },
    "path-is-absolute": {
      "version": "1.0.1",
      "resolved": "https://registry.npmjs.org/path-is-absolute/-/path-is-absolute-1.0.1.tgz",
      "integrity": "sha1-F0uSaHNVNP+8es5r9TpanhtcX18="
    },
    "prop-types": {
      "version": "15.7.2",
      "resolved": "https://registry.npmjs.org/prop-types/-/prop-types-15.7.2.tgz",
      "integrity": "sha512-8QQikdH7//R2vurIJSutZ1smHYTcLpRWEOlHnzcWHmBYrOGUysKwSsrC89BCiFj3CbrfJ/nXFdJepOVrY1GCHQ==",
      "requires": {
        "loose-envify": "^1.4.0",
        "object-assign": "^4.1.1",
        "react-is": "^16.8.1"
      }
    },
    "react-fast-compare": {
      "version": "3.2.0",
      "resolved": "https://registry.npmjs.org/react-fast-compare/-/react-fast-compare-3.2.0.tgz",
      "integrity": "sha512-rtGImPZ0YyLrscKI9xTpV8psd6I8VAtjKCzQDlzyDvqJA8XOW78TXYQwNRNd8g8JZnDu8q9Fu/1v4HPAVwVdHA=="
    },
    "react-instantsearch-core": {
      "version": "6.7.0",
      "resolved": "https://registry.npmjs.org/react-instantsearch-core/-/react-instantsearch-core-6.7.0.tgz",
      "integrity": "sha512-wIvSIwkWfqPbaQZcbKsfBK3Gpm1e7ahSwU8Bmx1N5RfUqA/NghqS0Ppv3sz4vCXjoEAdPV06R+Fpn9lT+cE9/Q==",
      "requires": {
        "@babel/runtime": "^7.1.2",
        "algoliasearch-helper": "^3.1.0",
        "prop-types": "^15.5.10",
        "react-fast-compare": "^3.0.0"
      }
    },
    "react-instantsearch-dom": {
      "version": "6.7.0",
      "resolved": "https://registry.npmjs.org/react-instantsearch-dom/-/react-instantsearch-dom-6.7.0.tgz",
      "integrity": "sha512-J1C9xkHHLLa6rkKLKFDa7szA0TDo6yPFGmDzh2+JLaq4o694RIqivfUpROHus0Ki3BAQu9QmzLtodf6K1NOBWQ==",
      "requires": {
        "@babel/runtime": "^7.1.2",
        "algoliasearch-helper": "^3.1.0",
        "classnames": "^2.2.5",
        "prop-types": "^15.5.10",
        "react-instantsearch-core": "^6.7.0"
      }
    },
    "react-is": {
      "version": "16.13.1",
      "resolved": "https://registry.npmjs.org/react-is/-/react-is-16.13.1.tgz",
      "integrity": "sha512-24e6ynE2H+OKt4kqsOvNd8kBpV65zoxbA4BVsEOB3ARVWQki/DHzaUoC5KuON/BiccDaCCTZBuOcfZs70kR8bQ=="
    },
    "regenerator-runtime": {
      "version": "0.13.7",
      "resolved": "https://registry.npmjs.org/regenerator-runtime/-/regenerator-runtime-0.13.7.tgz",
      "integrity": "sha512-a54FxoJDIr27pgf7IgeQGxmqUNYrcV338lf/6gH456HZ/PhX+5BcwHXG9ajESmwe6WRO0tAzRUrRmNONWgkrew=="
    },
    "remark": {
      "version": "12.0.1",
      "resolved": "https://registry.npmjs.org/remark/-/remark-12.0.1.tgz",
      "integrity": "sha512-gS7HDonkdIaHmmP/+shCPejCEEW+liMp/t/QwmF0Xt47Rpuhl32lLtDV1uKWvGoq+kxr5jSgg5oAIpGuyULjUw==",
      "requires": {
        "remark-parse": "^8.0.0",
        "remark-stringify": "^8.0.0",
        "unified": "^9.0.0"
      }
    },
    "remark-parse": {
      "version": "8.0.3",
      "resolved": "https://registry.npmjs.org/remark-parse/-/remark-parse-8.0.3.tgz",
      "integrity": "sha512-E1K9+QLGgggHxCQtLt++uXltxEprmWzNfg+MxpfHsZlrddKzZ/hZyWHDbK3/Ap8HJQqYJRXP+jHczdL6q6i85Q==",
      "requires": {
        "ccount": "^1.0.0",
        "collapse-white-space": "^1.0.2",
        "is-alphabetical": "^1.0.0",
        "is-decimal": "^1.0.0",
        "is-whitespace-character": "^1.0.0",
        "is-word-character": "^1.0.0",
        "markdown-escapes": "^1.0.0",
        "parse-entities": "^2.0.0",
        "repeat-string": "^1.5.4",
        "state-toggle": "^1.0.0",
        "trim": "0.0.1",
        "trim-trailing-lines": "^1.0.0",
        "unherit": "^1.0.4",
        "unist-util-remove-position": "^2.0.0",
        "vfile-location": "^3.0.0",
        "xtend": "^4.0.1"
      }
    },
    "remark-stringify": {
      "version": "8.1.1",
      "resolved": "https://registry.npmjs.org/remark-stringify/-/remark-stringify-8.1.1.tgz",
      "integrity": "sha512-q4EyPZT3PcA3Eq7vPpT6bIdokXzFGp9i85igjmhRyXWmPs0Y6/d2FYwUNotKAWyLch7g0ASZJn/KHHcHZQ163A==",
      "requires": {
        "ccount": "^1.0.0",
        "is-alphanumeric": "^1.0.0",
        "is-decimal": "^1.0.0",
        "is-whitespace-character": "^1.0.0",
        "longest-streak": "^2.0.1",
        "markdown-escapes": "^1.0.0",
        "markdown-table": "^2.0.0",
        "mdast-util-compact": "^2.0.0",
        "parse-entities": "^2.0.0",
        "repeat-string": "^1.5.4",
        "state-toggle": "^1.0.0",
        "stringify-entities": "^3.0.0",
        "unherit": "^1.0.4",
        "xtend": "^4.0.1"
      }
    },
    "repeat-string": {
      "version": "1.6.1",
      "resolved": "https://registry.npmjs.org/repeat-string/-/repeat-string-1.6.1.tgz",
      "integrity": "sha1-jcrkcOHIirwtYA//Sndihtp15jc="
    },
    "replace-ext": {
      "version": "1.0.0",
      "resolved": "https://registry.npmjs.org/replace-ext/-/replace-ext-1.0.0.tgz",
      "integrity": "sha1-3mMSg3P8v3w8z6TeWkgMRaZ5WOs="
    },
    "search-insights": {
      "version": "1.6.0",
      "resolved": "https://registry.npmjs.org/search-insights/-/search-insights-1.6.0.tgz",
      "integrity": "sha512-JBbu9WDL72gSgjFTaCeHntsXiOk+E0N1h6WLlWlWnjb1p/fLzza1wFx4hh1t1DrweEGfrU29+3J5ORkcHMI7Kg=="
    },
    "section-matter": {
      "version": "1.0.0",
      "resolved": "https://registry.npmjs.org/section-matter/-/section-matter-1.0.0.tgz",
      "integrity": "sha512-vfD3pmTzGpufjScBh50YHKzEu2lxBWhVEHsNGoEXmCmn2hKGfeNLYMzCJpe8cD7gqX7TJluOVpBkAequ6dgMmA==",
      "requires": {
        "extend-shallow": "^2.0.1",
        "kind-of": "^6.0.0"
      }
    },
    "sprintf-js": {
      "version": "1.0.3",
      "resolved": "https://registry.npmjs.org/sprintf-js/-/sprintf-js-1.0.3.tgz",
      "integrity": "sha1-BOaSb2YolTVPPdAVIDYzuFcpfiw="
    },
    "state-toggle": {
      "version": "1.0.3",
      "resolved": "https://registry.npmjs.org/state-toggle/-/state-toggle-1.0.3.tgz",
      "integrity": "sha512-d/5Z4/2iiCnHw6Xzghyhb+GcmF89bxwgXG60wjIiZaxnymbyOmI8Hk4VqHXiVVp6u2ysaskFfXg3ekCj4WNftQ=="
    },
    "stringify-entities": {
      "version": "3.0.1",
      "resolved": "https://registry.npmjs.org/stringify-entities/-/stringify-entities-3.0.1.tgz",
      "integrity": "sha512-Lsk3ISA2++eJYqBMPKcr/8eby1I6L0gP0NlxF8Zja6c05yr/yCYyb2c9PwXjd08Ib3If1vn1rbs1H5ZtVuOfvQ==",
      "requires": {
        "character-entities-html4": "^1.0.0",
        "character-entities-legacy": "^1.0.0",
        "is-alphanumerical": "^1.0.0",
        "is-decimal": "^1.0.2",
        "is-hexadecimal": "^1.0.0"
      }
    },
    "strip-bom-string": {
      "version": "1.0.0",
      "resolved": "https://registry.npmjs.org/strip-bom-string/-/strip-bom-string-1.0.0.tgz",
      "integrity": "sha1-5SEekiQ2n7uB1jOi8ABE3IztrZI="
    },
    "to-vfile": {
      "version": "6.1.0",
      "resolved": "https://registry.npmjs.org/to-vfile/-/to-vfile-6.1.0.tgz",
      "integrity": "sha512-BxX8EkCxOAZe+D/ToHdDsJcVI4HqQfmw0tCkp31zf3dNP/XWIAjU4CmeuSwsSoOzOTqHPOL0KUzyZqJplkD0Qw==",
      "requires": {
        "is-buffer": "^2.0.0",
        "vfile": "^4.0.0"
      }
    },
    "trim": {
      "version": "0.0.1",
      "resolved": "https://registry.npmjs.org/trim/-/trim-0.0.1.tgz",
      "integrity": "sha1-WFhUf2spB1fulczMZm+1AITEYN0="
    },
    "trim-trailing-lines": {
      "version": "1.1.3",
      "resolved": "https://registry.npmjs.org/trim-trailing-lines/-/trim-trailing-lines-1.1.3.tgz",
      "integrity": "sha512-4ku0mmjXifQcTVfYDfR5lpgV7zVqPg6zV9rdZmwOPqq0+Zq19xDqEgagqVbc4pOOShbncuAOIs59R3+3gcF3ZA=="
    },
    "trough": {
      "version": "1.0.5",
      "resolved": "https://registry.npmjs.org/trough/-/trough-1.0.5.tgz",
      "integrity": "sha512-rvuRbTarPXmMb79SmzEp8aqXNKcK+y0XaB298IXueQ8I2PsrATcPBCSPyK/dDNa2iWOhKlfNnOjdAOTBU/nkFA=="
    },
    "unherit": {
      "version": "1.1.3",
      "resolved": "https://registry.npmjs.org/unherit/-/unherit-1.1.3.tgz",
      "integrity": "sha512-Ft16BJcnapDKp0+J/rqFC3Rrk6Y/Ng4nzsC028k2jdDII/rdZ7Wd3pPT/6+vIIxRagwRc9K0IUX0Ra4fKvw+WQ==",
      "requires": {
        "inherits": "^2.0.0",
        "xtend": "^4.0.0"
      }
    },
    "unified": {
      "version": "9.2.0",
      "resolved": "https://registry.npmjs.org/unified/-/unified-9.2.0.tgz",
      "integrity": "sha512-vx2Z0vY+a3YoTj8+pttM3tiJHCwY5UFbYdiWrwBEbHmK8pvsPj2rtAX2BFfgXen8T39CJWblWRDT4L5WGXtDdg==",
      "requires": {
        "bail": "^1.0.0",
        "extend": "^3.0.0",
        "is-buffer": "^2.0.0",
        "is-plain-obj": "^2.0.0",
        "trough": "^1.0.0",
        "vfile": "^4.0.0"
      }
    },
    "unist-util-flatmap": {
      "version": "1.0.0",
      "resolved": "https://registry.npmjs.org/unist-util-flatmap/-/unist-util-flatmap-1.0.0.tgz",
      "integrity": "sha512-IG32jcKJlhARCYT2LsYPJWdoXYkzz3ESAdl1aa2hn9Auh+cgUmU6wgkII4yCc/1GgeWibRdELdCZh/p3QKQ1dQ=="
    },
    "unist-util-is": {
      "version": "4.0.2",
      "resolved": "https://registry.npmjs.org/unist-util-is/-/unist-util-is-4.0.2.tgz",
      "integrity": "sha512-Ofx8uf6haexJwI1gxWMGg6I/dLnF2yE+KibhD3/diOqY2TinLcqHXCV6OI5gFVn3xQqDH+u0M625pfKwIwgBKQ=="
    },
    "unist-util-map": {
      "version": "2.0.1",
      "resolved": "https://registry.npmjs.org/unist-util-map/-/unist-util-map-2.0.1.tgz",
      "integrity": "sha512-VdNvk4BQUUU9Rgr8iUOvclHa/iN9O+6Dt66FKij8l9OVezGG37gGWCPU5KSax1R2degqXFvl3kWTkvzL79e9tQ==",
      "requires": {
        "@types/mdast": "^3.0.0",
        "object-assign": "^4.0.0"
      }
    },
    "unist-util-remove-position": {
      "version": "2.0.1",
      "resolved": "https://registry.npmjs.org/unist-util-remove-position/-/unist-util-remove-position-2.0.1.tgz",
      "integrity": "sha512-fDZsLYIe2uT+oGFnuZmy73K6ZxOPG/Qcm+w7jbEjaFcJgbQ6cqjs/eSPzXhsmGpAsWPkqZM9pYjww5QTn3LHMA==",
      "requires": {
        "unist-util-visit": "^2.0.0"
      }
    },
    "unist-util-stringify-position": {
      "version": "2.0.3",
      "resolved": "https://registry.npmjs.org/unist-util-stringify-position/-/unist-util-stringify-position-2.0.3.tgz",
      "integrity": "sha512-3faScn5I+hy9VleOq/qNbAd6pAx7iH5jYBMS9I1HgQVijz/4mv5Bvw5iw1sC/90CODiKo81G/ps8AJrISn687g==",
      "requires": {
        "@types/unist": "^2.0.2"
      }
    },
    "unist-util-visit": {
      "version": "2.0.3",
      "resolved": "https://registry.npmjs.org/unist-util-visit/-/unist-util-visit-2.0.3.tgz",
      "integrity": "sha512-iJ4/RczbJMkD0712mGktuGpm/U4By4FfDonL7N/9tATGIF4imikjOuagyMY53tnZq3NP6BcmlrHhEKAfGWjh7Q==",
      "requires": {
        "@types/unist": "^2.0.0",
        "unist-util-is": "^4.0.0",
        "unist-util-visit-parents": "^3.0.0"
      }
    },
    "unist-util-visit-parents": {
      "version": "3.1.0",
      "resolved": "https://registry.npmjs.org/unist-util-visit-parents/-/unist-util-visit-parents-3.1.0.tgz",
      "integrity": "sha512-0g4wbluTF93npyPrp/ymd3tCDTMnP0yo2akFD2FIBAYXq/Sga3lwaU1D8OYKbtpioaI6CkDcQ6fsMnmtzt7htw==",
      "requires": {
        "@types/unist": "^2.0.0",
        "unist-util-is": "^4.0.0"
      }
    },
    "vfile": {
      "version": "4.2.0",
      "resolved": "https://registry.npmjs.org/vfile/-/vfile-4.2.0.tgz",
      "integrity": "sha512-a/alcwCvtuc8OX92rqqo7PflxiCgXRFjdyoGVuYV+qbgCb0GgZJRvIgCD4+U/Kl1yhaRsaTwksF88xbPyGsgpw==",
      "requires": {
        "@types/unist": "^2.0.0",
        "is-buffer": "^2.0.0",
        "replace-ext": "1.0.0",
        "unist-util-stringify-position": "^2.0.0",
        "vfile-message": "^2.0.0"
      }
    },
    "vfile-location": {
      "version": "3.1.0",
      "resolved": "https://registry.npmjs.org/vfile-location/-/vfile-location-3.1.0.tgz",
      "integrity": "sha512-FCZ4AN9xMcjFIG1oGmZKo61PjwJHRVA+0/tPUP2ul4uIwjGGndIxavEMRpWn5p4xwm/ZsdXp9YNygf1ZyE4x8g=="
    },
    "vfile-message": {
      "version": "2.0.4",
      "resolved": "https://registry.npmjs.org/vfile-message/-/vfile-message-2.0.4.tgz",
      "integrity": "sha512-DjssxRGkMvifUOJre00juHoP9DPWuzjxKuMDrhNbk2TdaYYBNMStsNhEOt3idrtI12VQYM/1+iM0KOzXi4pxwQ==",
      "requires": {
        "@types/unist": "^2.0.0",
        "unist-util-stringify-position": "^2.0.0"
      }
    },
    "wrappy": {
      "version": "1.0.2",
      "resolved": "https://registry.npmjs.org/wrappy/-/wrappy-1.0.2.tgz",
      "integrity": "sha1-tSQ9jz7BqjXxNkYFvA0QNuMKtp8="
    },
    "xtend": {
      "version": "4.0.2",
      "resolved": "https://registry.npmjs.org/xtend/-/xtend-4.0.2.tgz",
      "integrity": "sha512-LKYU1iAXJXUgAXn9URjiu+MWhyUXHsvfp7mcuYm9dSUKK0/CjtrUwFAxD82/mCWbtLsGjFIad0wIsod4zrTAEQ=="
    }
  }
}
